// !$*UTF8*$!
{
	archiveVersion = 1;
	classes = {
	};
	objectVersion = 51;
	objects = {

/* Begin PBXBuildFile section */
		2076C8BD2551256A00BC07AF /* AppDelegate.m in Sources */ = {isa = PBXBuildFile; fileRef = 2076C8BC2551256A00BC07AF /* AppDelegate.m */; };
		2076C8C62551256A00BC07AF /* Main.storyboard in Resources */ = {isa = PBXBuildFile; fileRef = 2076C8C42551256A00BC07AF /* Main.storyboard */; };
		2076C8C82551257000BC07AF /* Assets.xcassets in Resources */ = {isa = PBXBuildFile; fileRef = 2076C8C72551257000BC07AF /* Assets.xcassets */; };
		2076C8CB2551257000BC07AF /* LaunchScreen.storyboard in Resources */ = {isa = PBXBuildFile; fileRef = 2076C8C92551257000BC07AF /* LaunchScreen.storyboard */; };
		2076C8CE2551257000BC07AF /* main.m in Sources */ = {isa = PBXBuildFile; fileRef = 2076C8CD2551257000BC07AF /* main.m */; };
		BA62CC4428C9FE3400A8FAE5 /* BannerViewController.swift in Sources */ = {isa = PBXBuildFile; fileRef = BA62CC4328C9FE3400A8FAE5 /* BannerViewController.swift */; };
		BA62CC4628CA00B800A8FAE5 /* TAMAdLoader.swift in Sources */ = {isa = PBXBuildFile; fileRef = BA62CC4528CA00B800A8FAE5 /* TAMAdLoader.swift */; };
		BA62CC4828CA022F00A8FAE5 /* Bidding.swift in Sources */ = {isa = PBXBuildFile; fileRef = BA62CC4728CA022F00A8FAE5 /* Bidding.swift */; };
		BA62CC4A28CA026400A8FAE5 /* BiddingManager.swift in Sources */ = {isa = PBXBuildFile; fileRef = BA62CC4928CA026400A8FAE5 /* BiddingManager.swift */; };
		BA62CC4C28CA53B200A8FAE5 /* InterstitialViewController.swift in Sources */ = {isa = PBXBuildFile; fileRef = BA62CC4B28CA53B200A8FAE5 /* InterstitialViewController.swift */; };
		BA62CC4E28CA549B00A8FAE5 /* MainViewController.swift in Sources */ = {isa = PBXBuildFile; fileRef = BA62CC4D28CA549B00A8FAE5 /* MainViewController.swift */; };
		BA62CC5128CA71FC00A8FAE5 /* Constants.swift in Sources */ = {isa = PBXBuildFile; fileRef = BA62CC5028CA71FC00A8FAE5 /* Constants.swift */; };
/* End PBXBuildFile section */

/* Begin PBXFileReference section */
		2076C8B82551256A00BC07AF /* SampleApp.app */ = {isa = PBXFileReference; explicitFileType = wrapper.application; includeInIndex = 0; path = SampleApp.app; sourceTree = BUILT_PRODUCTS_DIR; };
		2076C8BB2551256A00BC07AF /* AppDelegate.h */ = {isa = PBXFileReference; lastKnownFileType = sourcecode.c.h; path = AppDelegate.h; sourceTree = "<group>"; };
		2076C8BC2551256A00BC07AF /* AppDelegate.m */ = {isa = PBXFileReference; lastKnownFileType = sourcecode.c.objc; path = AppDelegate.m; sourceTree = "<group>"; };
		2076C8C52551256A00BC07AF /* Base */ = {isa = PBXFileReference; lastKnownFileType = file.storyboard; name = Base; path = Base.lproj/Main.storyboard; sourceTree = "<group>"; };
		2076C8C72551257000BC07AF /* Assets.xcassets */ = {isa = PBXFileReference; lastKnownFileType = folder.assetcatalog; path = Assets.xcassets; sourceTree = "<group>"; };
		2076C8CA2551257000BC07AF /* Base */ = {isa = PBXFileReference; lastKnownFileType = file.storyboard; name = Base; path = Base.lproj/LaunchScreen.storyboard; sourceTree = "<group>"; };
		2076C8CC2551257000BC07AF /* Info.plist */ = {isa = PBXFileReference; lastKnownFileType = text.plist.xml; path = Info.plist; sourceTree = "<group>"; };
		2076C8CD2551257000BC07AF /* main.m */ = {isa = PBXFileReference; lastKnownFileType = sourcecode.c.objc; path = main.m; sourceTree = "<group>"; };
		BA62CC4328C9FE3400A8FAE5 /* BannerViewController.swift */ = {isa = PBXFileReference; lastKnownFileType = sourcecode.swift; path = BannerViewController.swift; sourceTree = "<group>"; };
		BA62CC4528CA00B800A8FAE5 /* TAMAdLoader.swift */ = {isa = PBXFileReference; lastKnownFileType = sourcecode.swift; path = TAMAdLoader.swift; sourceTree = "<group>"; };
		BA62CC4728CA022F00A8FAE5 /* Bidding.swift */ = {isa = PBXFileReference; lastKnownFileType = sourcecode.swift; path = Bidding.swift; sourceTree = "<group>"; };
		BA62CC4928CA026400A8FAE5 /* BiddingManager.swift */ = {isa = PBXFileReference; lastKnownFileType = sourcecode.swift; path = BiddingManager.swift; sourceTree = "<group>"; };
		BA62CC4B28CA53B200A8FAE5 /* InterstitialViewController.swift */ = {isa = PBXFileReference; lastKnownFileType = sourcecode.swift; path = InterstitialViewController.swift; sourceTree = "<group>"; };
		BA62CC4D28CA549B00A8FAE5 /* MainViewController.swift */ = {isa = PBXFileReference; lastKnownFileType = sourcecode.swift; path = MainViewController.swift; sourceTree = "<group>"; };
		BA62CC4F28CA708B00A8FAE5 /* SampleApp-Bridging-Header.h */ = {isa = PBXFileReference; fileEncoding = 4; lastKnownFileType = sourcecode.c.h; path = "SampleApp-Bridging-Header.h"; sourceTree = SOURCE_ROOT; };
		BA62CC5028CA71FC00A8FAE5 /* Constants.swift */ = {isa = PBXFileReference; fileEncoding = 4; lastKnownFileType = sourcecode.swift; path = Constants.swift; sourceTree = "<group>"; };
/* End PBXFileReference section */

/* Begin PBXFrameworksBuildPhase section */
		2076C8B52551256A00BC07AF /* Frameworks */ = {
			isa = PBXFrameworksBuildPhase;
			buildActionMask = 2147483647;
			files = (
			);
			runOnlyForDeploymentPostprocessing = 0;
		};
/* End PBXFrameworksBuildPhase section */

/* Begin PBXGroup section */
		2076C8AF2551256A00BC07AF = {
			isa = PBXGroup;
			children = (
				2076C8BA2551256A00BC07AF /* SampleApp */,
				2076C8B92551256A00BC07AF /* Products */,
				36FA158931ADAE1B4F669545 /* Pods */,
			);
			sourceTree = "<group>";
		};
		2076C8B92551256A00BC07AF /* Products */ = {
			isa = PBXGroup;
			children = (
				2076C8B82551256A00BC07AF /* SampleApp.app */,
			);
			name = Products;
			sourceTree = "<group>";
		};
		2076C8BA2551256A00BC07AF /* SampleApp */ = {
			isa = PBXGroup;
			children = (
				BA62CC5028CA71FC00A8FAE5 /* Constants.swift */,
				BA62CC4F28CA708B00A8FAE5 /* SampleApp-Bridging-Header.h */,
				2076C8D62551259900BC07AF /* Viewcontrollers */,
				2076C8D52551259000BC07AF /* Resources */,
				2076C8D42551257A00BC07AF /* Appdelegate */,
				2076C8CC2551257000BC07AF /* Info.plist */,
				2076C8CD2551257000BC07AF /* main.m */,
			);
			path = SampleApp;
			sourceTree = "<group>";
		};
		2076C8D42551257A00BC07AF /* Appdelegate */ = {
			isa = PBXGroup;
			children = (
				2076C8BB2551256A00BC07AF /* AppDelegate.h */,
				2076C8BC2551256A00BC07AF /* AppDelegate.m */,
			);
			path = Appdelegate;
			sourceTree = "<group>";
		};
		2076C8D52551259000BC07AF /* Resources */ = {
			isa = PBXGroup;
			children = (
				2076C8C42551256A00BC07AF /* Main.storyboard */,
				2076C8C72551257000BC07AF /* Assets.xcassets */,
				2076C8C92551257000BC07AF /* LaunchScreen.storyboard */,
			);
			path = Resources;
			sourceTree = "<group>";
		};
		2076C8D62551259900BC07AF /* Viewcontrollers */ = {
			isa = PBXGroup;
			children = (
				2076C8D8255125AD00BC07AF /* OpenWrap */,
				2076C8D7255125A400BC07AF /* TAM */,
			);
			path = Viewcontrollers;
			sourceTree = "<group>";
		};
		2076C8D7255125A400BC07AF /* TAM */ = {
			isa = PBXGroup;
			children = (
				BA62CC4528CA00B800A8FAE5 /* TAMAdLoader.swift */,
			);
			path = TAM;
			sourceTree = "<group>";
		};
		2076C8D8255125AD00BC07AF /* OpenWrap */ = {
			isa = PBXGroup;
			children = (
				BA62CC4328C9FE3400A8FAE5 /* BannerViewController.swift */,
				BA62CC4728CA022F00A8FAE5 /* Bidding.swift */,
				BA62CC4928CA026400A8FAE5 /* BiddingManager.swift */,
				BA62CC4B28CA53B200A8FAE5 /* InterstitialViewController.swift */,
				BA62CC4D28CA549B00A8FAE5 /* MainViewController.swift */,
			);
			path = OpenWrap;
			sourceTree = "<group>";
		};
		36FA158931ADAE1B4F669545 /* Pods */ = {
			isa = PBXGroup;
			children = (
			);
			path = Pods;
			sourceTree = "<group>";
		};
/* End PBXGroup section */

/* Begin PBXNativeTarget section */
		2076C8B72551256A00BC07AF /* SampleApp */ = {
			isa = PBXNativeTarget;
			buildConfigurationList = 2076C8D12551257000BC07AF /* Build configuration list for PBXNativeTarget "SampleApp" */;
			buildPhases = (
				2076C8B42551256A00BC07AF /* Sources */,
				2076C8B52551256A00BC07AF /* Frameworks */,
				2076C8B62551256A00BC07AF /* Resources */,
			);
			buildRules = (
			);
			dependencies = (
			);
			name = SampleApp;
			productName = SampleApp;
			productReference = 2076C8B82551256A00BC07AF /* SampleApp.app */;
			productType = "com.apple.product-type.application";
		};
/* End PBXNativeTarget section */

/* Begin PBXProject section */
		2076C8B02551256A00BC07AF /* Project object */ = {
			isa = PBXProject;
			attributes = {
				LastUpgradeCheck = 1170;
				ORGANIZATIONNAME = Sneha;
				TargetAttributes = {
					2076C8B72551256A00BC07AF = {
						CreatedOnToolsVersion = 11.7;
						LastSwiftMigration = "";
					};
				};
			};
			buildConfigurationList = 2076C8B32551256A00BC07AF /* Build configuration list for PBXProject "SampleApp" */;
			compatibilityVersion = "Xcode 9.3";
			developmentRegion = en;
			hasScannedForEncodings = 0;
			knownRegions = (
				en,
				Base,
			);
			mainGroup = 2076C8AF2551256A00BC07AF;
			productRefGroup = 2076C8B92551256A00BC07AF /* Products */;
			projectDirPath = "";
			projectRoot = "";
			targets = (
				2076C8B72551256A00BC07AF /* SampleApp */,
			);
		};
/* End PBXProject section */

/* Begin PBXResourcesBuildPhase section */
		2076C8B62551256A00BC07AF /* Resources */ = {
			isa = PBXResourcesBuildPhase;
			buildActionMask = 2147483647;
			files = (
				2076C8CB2551257000BC07AF /* LaunchScreen.storyboard in Resources */,
				2076C8C82551257000BC07AF /* Assets.xcassets in Resources */,
				2076C8C62551256A00BC07AF /* Main.storyboard in Resources */,
			);
			runOnlyForDeploymentPostprocessing = 0;
		};
/* End PBXResourcesBuildPhase section */

/* Begin PBXSourcesBuildPhase section */
		2076C8B42551256A00BC07AF /* Sources */ = {
			isa = PBXSourcesBuildPhase;
			buildActionMask = 2147483647;
			files = (
				2076C8BD2551256A00BC07AF /* AppDelegate.m in Sources */,
				BA62CC4E28CA549B00A8FAE5 /* MainViewController.swift in Sources */,
				BA62CC4428C9FE3400A8FAE5 /* BannerViewController.swift in Sources */,
				BA62CC4828CA022F00A8FAE5 /* Bidding.swift in Sources */,
				2076C8CE2551257000BC07AF /* main.m in Sources */,
				BA62CC4A28CA026400A8FAE5 /* BiddingManager.swift in Sources */,
				BA62CC4C28CA53B200A8FAE5 /* InterstitialViewController.swift in Sources */,
				BA62CC4628CA00B800A8FAE5 /* TAMAdLoader.swift in Sources */,
				BA62CC5128CA71FC00A8FAE5 /* Constants.swift in Sources */,
			);
			runOnlyForDeploymentPostprocessing = 0;
		};
/* End PBXSourcesBuildPhase section */

/* Begin PBXVariantGroup section */
		2076C8C42551256A00BC07AF /* Main.storyboard */ = {
			isa = PBXVariantGroup;
			children = (
				2076C8C52551256A00BC07AF /* Base */,
			);
			name = Main.storyboard;
			sourceTree = "<group>";
		};
		2076C8C92551257000BC07AF /* LaunchScreen.storyboard */ = {
			isa = PBXVariantGroup;
			children = (
				2076C8CA2551257000BC07AF /* Base */,
			);
			name = LaunchScreen.storyboard;
			sourceTree = "<group>";
		};
/* End PBXVariantGroup section */

/* Begin XCBuildConfiguration section */
		2076C8CF2551257000BC07AF /* Debug */ = {
			isa = XCBuildConfiguration;
			buildSettings = {
				ALWAYS_SEARCH_USER_PATHS = NO;
				CLANG_ANALYZER_NONNULL = YES;
				CLANG_ANALYZER_NUMBER_OBJECT_CONVERSION = YES_AGGRESSIVE;
				CLANG_CXX_LANGUAGE_STANDARD = "gnu++14";
				CLANG_CXX_LIBRARY = "libc++";
				CLANG_ENABLE_MODULES = YES;
				CLANG_ENABLE_OBJC_ARC = YES;
				CLANG_ENABLE_OBJC_WEAK = YES;
				CLANG_WARN_BLOCK_CAPTURE_AUTORELEASING = YES;
				CLANG_WARN_BOOL_CONVERSION = YES;
				CLANG_WARN_COMMA = YES;
				CLANG_WARN_CONSTANT_CONVERSION = YES;
				CLANG_WARN_DEPRECATED_OBJC_IMPLEMENTATIONS = YES;
				CLANG_WARN_DIRECT_OBJC_ISA_USAGE = YES_ERROR;
				CLANG_WARN_DOCUMENTATION_COMMENTS = YES;
				CLANG_WARN_EMPTY_BODY = YES;
				CLANG_WARN_ENUM_CONVERSION = YES;
				CLANG_WARN_INFINITE_RECURSION = YES;
				CLANG_WARN_INT_CONVERSION = YES;
				CLANG_WARN_NON_LITERAL_NULL_CONVERSION = YES;
				CLANG_WARN_OBJC_IMPLICIT_RETAIN_SELF = YES;
				CLANG_WARN_OBJC_LITERAL_CONVERSION = YES;
				CLANG_WARN_OBJC_ROOT_CLASS = YES_ERROR;
				CLANG_WARN_RANGE_LOOP_ANALYSIS = YES;
				CLANG_WARN_STRICT_PROTOTYPES = YES;
				CLANG_WARN_SUSPICIOUS_MOVE = YES;
				CLANG_WARN_UNGUARDED_AVAILABILITY = YES_AGGRESSIVE;
				CLANG_WARN_UNREACHABLE_CODE = YES;
				CLANG_WARN__DUPLICATE_METHOD_MATCH = YES;
				COPY_PHASE_STRIP = NO;
				DEBUG_INFORMATION_FORMAT = dwarf;
				ENABLE_STRICT_OBJC_MSGSEND = YES;
				ENABLE_TESTABILITY = YES;
				GCC_C_LANGUAGE_STANDARD = gnu11;
				GCC_DYNAMIC_NO_PIC = NO;
				GCC_NO_COMMON_BLOCKS = YES;
				GCC_OPTIMIZATION_LEVEL = 0;
				GCC_PREPROCESSOR_DEFINITIONS = (
					"DEBUG=1",
					"$(inherited)",
				);
				GCC_WARN_64_TO_32_BIT_CONVERSION = YES;
				GCC_WARN_ABOUT_RETURN_TYPE = YES_ERROR;
				GCC_WARN_UNDECLARED_SELECTOR = YES;
				GCC_WARN_UNINITIALIZED_AUTOS = YES_AGGRESSIVE;
				GCC_WARN_UNUSED_FUNCTION = YES;
				GCC_WARN_UNUSED_VARIABLE = YES;
				IPHONEOS_DEPLOYMENT_TARGET = 13.7;
				MTL_ENABLE_DEBUG_INFO = INCLUDE_SOURCE;
				MTL_FAST_MATH = YES;
				ONLY_ACTIVE_ARCH = YES;
				SDKROOT = iphoneos;
			};
			name = Debug;
		};
		2076C8D02551257000BC07AF /* Release */ = {
			isa = XCBuildConfiguration;
			buildSettings = {
				ALWAYS_SEARCH_USER_PATHS = NO;
				CLANG_ANALYZER_NONNULL = YES;
				CLANG_ANALYZER_NUMBER_OBJECT_CONVERSION = YES_AGGRESSIVE;
				CLANG_CXX_LANGUAGE_STANDARD = "gnu++14";
				CLANG_CXX_LIBRARY = "libc++";
				CLANG_ENABLE_MODULES = YES;
				CLANG_ENABLE_OBJC_ARC = YES;
				CLANG_ENABLE_OBJC_WEAK = YES;
				CLANG_WARN_BLOCK_CAPTURE_AUTORELEASING = YES;
				CLANG_WARN_BOOL_CONVERSION = YES;
				CLANG_WARN_COMMA = YES;
				CLANG_WARN_CONSTANT_CONVERSION = YES;
				CLANG_WARN_DEPRECATED_OBJC_IMPLEMENTATIONS = YES;
				CLANG_WARN_DIRECT_OBJC_ISA_USAGE = YES_ERROR;
				CLANG_WARN_DOCUMENTATION_COMMENTS = YES;
				CLANG_WARN_EMPTY_BODY = YES;
				CLANG_WARN_ENUM_CONVERSION = YES;
				CLANG_WARN_INFINITE_RECURSION = YES;
				CLANG_WARN_INT_CONVERSION = YES;
				CLANG_WARN_NON_LITERAL_NULL_CONVERSION = YES;
				CLANG_WARN_OBJC_IMPLICIT_RETAIN_SELF = YES;
				CLANG_WARN_OBJC_LITERAL_CONVERSION = YES;
				CLANG_WARN_OBJC_ROOT_CLASS = YES_ERROR;
				CLANG_WARN_RANGE_LOOP_ANALYSIS = YES;
				CLANG_WARN_STRICT_PROTOTYPES = YES;
				CLANG_WARN_SUSPICIOUS_MOVE = YES;
				CLANG_WARN_UNGUARDED_AVAILABILITY = YES_AGGRESSIVE;
				CLANG_WARN_UNREACHABLE_CODE = YES;
				CLANG_WARN__DUPLICATE_METHOD_MATCH = YES;
				COPY_PHASE_STRIP = NO;
				DEBUG_INFORMATION_FORMAT = "dwarf-with-dsym";
				ENABLE_NS_ASSERTIONS = NO;
				ENABLE_STRICT_OBJC_MSGSEND = YES;
				GCC_C_LANGUAGE_STANDARD = gnu11;
				GCC_NO_COMMON_BLOCKS = YES;
				GCC_WARN_64_TO_32_BIT_CONVERSION = YES;
				GCC_WARN_ABOUT_RETURN_TYPE = YES_ERROR;
				GCC_WARN_UNDECLARED_SELECTOR = YES;
				GCC_WARN_UNINITIALIZED_AUTOS = YES_AGGRESSIVE;
				GCC_WARN_UNUSED_FUNCTION = YES;
				GCC_WARN_UNUSED_VARIABLE = YES;
				IPHONEOS_DEPLOYMENT_TARGET = 13.7;
				MTL_ENABLE_DEBUG_INFO = NO;
				MTL_FAST_MATH = YES;
				SDKROOT = iphoneos;
				VALIDATE_PRODUCT = YES;
			};
			name = Release;
		};
		2076C8D22551257000BC07AF /* Debug */ = {
			isa = XCBuildConfiguration;
			buildSettings = {
				ASSETCATALOG_COMPILER_APPICON_NAME = AppIcon;
				CLANG_ENABLE_MODULES = YES;
				CODE_SIGN_STYLE = Automatic;
				INFOPLIST_FILE = SampleApp/Info.plist;
				IPHONEOS_DEPLOYMENT_TARGET = 10.0;
				LD_RUNPATH_SEARCH_PATHS = (
					"$(inherited)",
					"@executable_path/Frameworks",
				);
				PRODUCT_BUNDLE_IDENTIFIER = com.Pubmatic.SampleApp;
				PRODUCT_NAME = "$(TARGET_NAME)";
				SWIFT_OBJC_BRIDGING_HEADER = "SampleApp-Bridging-Header.h";
				SWIFT_OPTIMIZATION_LEVEL = "-Onone";
				SWIFT_VERSION = 4.0;
				TARGETED_DEVICE_FAMILY = "1,2";
			};
			name = Debug;
		};
		2076C8D32551257000BC07AF /* Release */ = {
			isa = XCBuildConfiguration;
			buildSettings = {
				ASSETCATALOG_COMPILER_APPICON_NAME = AppIcon;
				CLANG_ENABLE_MODULES = YES;
				CODE_SIGN_STYLE = Automatic;
				INFOPLIST_FILE = SampleApp/Info.plist;
				IPHONEOS_DEPLOYMENT_TARGET = 10.0;
				LD_RUNPATH_SEARCH_PATHS = (
					"$(inherited)",
					"@executable_path/Frameworks",
				);
				PRODUCT_BUNDLE_IDENTIFIER = com.Pubmatic.SampleApp;
				PRODUCT_NAME = "$(TARGET_NAME)";
				SWIFT_OBJC_BRIDGING_HEADER = "SampleApp-Bridging-Header.h";
				SWIFT_VERSION = 4.0;
				TARGETED_DEVICE_FAMILY = "1,2";
			};
			name = Release;
		};
/* End XCBuildConfiguration section */

/* Begin XCConfigurationList section */
		2076C8B32551256A00BC07AF /* Build configuration list for PBXProject "SampleApp" */ = {
			isa = XCConfigurationList;
			buildConfigurations = (
				2076C8CF2551257000BC07AF /* Debug */,
				2076C8D02551257000BC07AF /* Release */,
			);
			defaultConfigurationIsVisible = 0;
			defaultConfigurationName = Release;
		};
		2076C8D12551257000BC07AF /* Build configuration list for PBXNativeTarget "SampleApp" */ = {
			isa = XCConfigurationList;
			buildConfigurations = (
				2076C8D22551257000BC07AF /* Debug */,
				2076C8D32551257000BC07AF /* Release */,
			);
			defaultConfigurationIsVisible = 0;
			defaultConfigurationName = Release;
		};
/* End XCConfigurationList section */
	};
	rootObject = 2076C8B02551256A00BC07AF /* Project object */;
}
