PODS:
  - mopub-ios-sdk (5.16.2):
    - mopub-ios-sdk/MoPubSDK (= 5.16.2)
  - mopub-ios-sdk/Core (5.16.2)
  - mopub-ios-sdk/MoPubSDK (5.16.2):
    - mopub-ios-sdk/Core
    - mopub-ios-sdk/NativeAds
  - mopub-ios-sdk/NativeAds (5.16.2):
    - mopub-ios-sdk/Core
  - OpenWrapEventHandler/MoPub (2.2.0.5):
    - mopub-ios-sdk
    - OpenWrapSDK
  - OpenWrapSDK (2.0.0.14):
    - OpenWrapSDK/OpenWrap (= 2.0.0.14)
  - OpenWrapSDK/OpenWrap (2.0.0.14)

DEPENDENCIES:
  - mopub-ios-sdk (= 5.16.2)
  - OpenWrapEventHandler/MoPub (= 2.2.0.5)
  - OpenWrapSDK (= 2.0.0.14)

SPEC REPOS:
  "git@git.pubmatic.com:PubMatic/owiossdk-podspecs.git":
    - OpenWrapEventHandler
    - OpenWrapSDK
  https://github.com/CocoaPods/Specs.git:
    - mopub-ios-sdk

SPEC CHECKSUMS:
  mopub-ios-sdk: ce5aa12abe59d42cb8866b1297bdff7b6a42e273
  OpenWrapEventHandler: c25f5d1fac03ff03f487e5e1ed5b3221bcae21ab
  OpenWrapSDK: 74027107749902923fe0765b0c21229d2f86aacd

PODFILE CHECKSUM: 9ab6e17c74d60aadfb58dec7d10c582cfbef24d6

COCOAPODS: 1.10.1
