// !$*UTF8*$!
{
	archiveVersion = 1;
	classes = {
	};
	objectVersion = 51;
	objects = {

/* Begin PBXBuildFile section */
		05383572869281A1B2CFCD4A /* libPods-SampleApp.a in Frameworks */ = {isa = PBXBuildFile; fileRef = EF4743CE7EDC4E5688274D8B /* libPods-SampleApp.a */; };
		20413F2925540CA600D37C9F /* AppDelegate.m in Sources */ = {isa = PBXBuildFile; fileRef = 20413F2825540CA600D37C9F /* AppDelegate.m */; };
		20413F2C25540CA600D37C9F /* SceneDelegate.m in Sources */ = {isa = PBXBuildFile; fileRef = 20413F2B25540CA600D37C9F /* SceneDelegate.m */; };
		20413F3225540CA600D37C9F /* Main.storyboard in Resources */ = {isa = PBXBuildFile; fileRef = 20413F3025540CA600D37C9F /* Main.storyboard */; };
		20413F3425540CAC00D37C9F /* Assets.xcassets in Resources */ = {isa = PBXBuildFile; fileRef = 20413F3325540CAC00D37C9F /* Assets.xcassets */; };
		20413F3725540CAC00D37C9F /* LaunchScreen.storyboard in Resources */ = {isa = PBXBuildFile; fileRef = 20413F3525540CAC00D37C9F /* LaunchScreen.storyboard */; };
		20413F3A25540CAC00D37C9F /* main.m in Sources */ = {isa = PBXBuildFile; fileRef = 20413F3925540CAC00D37C9F /* main.m */; };
		20413F472554104800D37C9F /* BannerViewController.m in Sources */ = {isa = PBXBuildFile; fileRef = 20413F462554104800D37C9F /* BannerViewController.m */; };
		20413F4A2554109700D37C9F /* BiddingManager.m in Sources */ = {isa = PBXBuildFile; fileRef = 20413F492554109700D37C9F /* BiddingManager.m */; };
		20413F4E255416C300D37C9F /* TAMAdLoader.m in Sources */ = {isa = PBXBuildFile; fileRef = 20413F4D255416C300D37C9F /* TAMAdLoader.m */; };
		20413F5125555FDE00D37C9F /* InterstitialViewController.m in Sources */ = {isa = PBXBuildFile; fileRef = 20413F5025555FDE00D37C9F /* InterstitialViewController.m */; };
		20413F54255900A900D37C9F /* MainViewController.m in Sources */ = {isa = PBXBuildFile; fileRef = 20413F53255900A900D37C9F /* MainViewController.m */; };
/* End PBXBuildFile section */

/* Begin PBXFileReference section */
		20413F2425540CA600D37C9F /* SampleApp.app */ = {isa = PBXFileReference; explicitFileType = wrapper.application; includeInIndex = 0; path = SampleApp.app; sourceTree = BUILT_PRODUCTS_DIR; };
		20413F2725540CA600D37C9F /* AppDelegate.h */ = {isa = PBXFileReference; lastKnownFileType = sourcecode.c.h; path = AppDelegate.h; sourceTree = "<group>"; };
		20413F2825540CA600D37C9F /* AppDelegate.m */ = {isa = PBXFileReference; lastKnownFileType = sourcecode.c.objc; path = AppDelegate.m; sourceTree = "<group>"; };
		20413F2A25540CA600D37C9F /* SceneDelegate.h */ = {isa = PBXFileReference; lastKnownFileType = sourcecode.c.h; path = SceneDelegate.h; sourceTree = "<group>"; };
		20413F2B25540CA600D37C9F /* SceneDelegate.m */ = {isa = PBXFileReference; lastKnownFileType = sourcecode.c.objc; path = SceneDelegate.m; sourceTree = "<group>"; };
		20413F3125540CA600D37C9F /* Base */ = {isa = PBXFileReference; lastKnownFileType = file.storyboard; name = Base; path = Base.lproj/Main.storyboard; sourceTree = "<group>"; };
		20413F3325540CAC00D37C9F /* Assets.xcassets */ = {isa = PBXFileReference; lastKnownFileType = folder.assetcatalog; path = Assets.xcassets; sourceTree = "<group>"; };
		20413F3625540CAC00D37C9F /* Base */ = {isa = PBXFileReference; lastKnownFileType = file.storyboard; name = Base; path = Base.lproj/LaunchScreen.storyboard; sourceTree = "<group>"; };
		20413F3825540CAC00D37C9F /* Info.plist */ = {isa = PBXFileReference; lastKnownFileType = text.plist.xml; path = Info.plist; sourceTree = "<group>"; };
		20413F3925540CAC00D37C9F /* main.m */ = {isa = PBXFileReference; lastKnownFileType = sourcecode.c.objc; path = main.m; sourceTree = "<group>"; };
		20413F452554104800D37C9F /* BannerViewController.h */ = {isa = PBXFileReference; lastKnownFileType = sourcecode.c.h; path = BannerViewController.h; sourceTree = "<group>"; };
		20413F462554104800D37C9F /* BannerViewController.m */ = {isa = PBXFileReference; lastKnownFileType = sourcecode.c.objc; path = BannerViewController.m; sourceTree = "<group>"; };
		20413F482554109700D37C9F /* BiddingManager.h */ = {isa = PBXFileReference; lastKnownFileType = sourcecode.c.h; path = BiddingManager.h; sourceTree = "<group>"; };
		20413F492554109700D37C9F /* BiddingManager.m */ = {isa = PBXFileReference; lastKnownFileType = sourcecode.c.objc; path = BiddingManager.m; sourceTree = "<group>"; };
		20413F4B255410BD00D37C9F /* Bidding.h */ = {isa = PBXFileReference; lastKnownFileType = sourcecode.c.h; path = Bidding.h; sourceTree = "<group>"; };
		20413F4C255416C300D37C9F /* TAMAdLoader.h */ = {isa = PBXFileReference; lastKnownFileType = sourcecode.c.h; path = TAMAdLoader.h; sourceTree = "<group>"; };
		20413F4D255416C300D37C9F /* TAMAdLoader.m */ = {isa = PBXFileReference; lastKnownFileType = sourcecode.c.objc; path = TAMAdLoader.m; sourceTree = "<group>"; };
		20413F4F25555FDE00D37C9F /* InterstitialViewController.h */ = {isa = PBXFileReference; lastKnownFileType = sourcecode.c.h; path = InterstitialViewController.h; sourceTree = "<group>"; };
		20413F5025555FDE00D37C9F /* InterstitialViewController.m */ = {isa = PBXFileReference; lastKnownFileType = sourcecode.c.objc; path = InterstitialViewController.m; sourceTree = "<group>"; };
		20413F52255900A900D37C9F /* MainViewController.h */ = {isa = PBXFileReference; lastKnownFileType = sourcecode.c.h; path = MainViewController.h; sourceTree = "<group>"; };
		20413F53255900A900D37C9F /* MainViewController.m */ = {isa = PBXFileReference; lastKnownFileType = sourcecode.c.objc; path = MainViewController.m; sourceTree = "<group>"; };
		4C970F9B2A1C33038881A253 /* Pods-SampleApp.release.xcconfig */ = {isa = PBXFileReference; includeInIndex = 1; lastKnownFileType = text.xcconfig; name = "Pods-SampleApp.release.xcconfig"; path = "Target Support Files/Pods-SampleApp/Pods-SampleApp.release.xcconfig"; sourceTree = "<group>"; };
		EF4743CE7EDC4E5688274D8B /* libPods-SampleApp.a */ = {isa = PBXFileReference; explicitFileType = archive.ar; includeInIndex = 0; path = "libPods-SampleApp.a"; sourceTree = BUILT_PRODUCTS_DIR; };
		FD7DDD91B03949C2C54565F9 /* Pods-SampleApp.debug.xcconfig */ = {isa = PBXFileReference; includeInIndex = 1; lastKnownFileType = text.xcconfig; name = "Pods-SampleApp.debug.xcconfig"; path = "Target Support Files/Pods-SampleApp/Pods-SampleApp.debug.xcconfig"; sourceTree = "<group>"; };
/* End PBXFileReference section */

/* Begin PBXFrameworksBuildPhase section */
		20413F2125540CA600D37C9F /* Frameworks */ = {
			isa = PBXFrameworksBuildPhase;
			buildActionMask = 2147483647;
			files = (
				05383572869281A1B2CFCD4A /* libPods-SampleApp.a in Frameworks */,
			);
			runOnlyForDeploymentPostprocessing = 0;
		};
/* End PBXFrameworksBuildPhase section */

/* Begin PBXGroup section */
		20413F1B25540CA600D37C9F = {
			isa = PBXGroup;
			children = (
				20413F2625540CA600D37C9F /* SampleApp */,
				20413F2525540CA600D37C9F /* Products */,
				BF3A6F343AE847E0F1374623 /* Pods */,
				B3D7B47E7957253E81252FC4 /* Frameworks */,
			);
			sourceTree = "<group>";
		};
		20413F2525540CA600D37C9F /* Products */ = {
			isa = PBXGroup;
			children = (
				20413F2425540CA600D37C9F /* SampleApp.app */,
			);
			name = Products;
			sourceTree = "<group>";
		};
		20413F2625540CA600D37C9F /* SampleApp */ = {
			isa = PBXGroup;
			children = (
				20413F4225540D1A00D37C9F /* Resources */,
				20413F4125540CEC00D37C9F /* Viewcontrollers */,
				20413F4025540CE100D37C9F /* Appdelegate */,
				20413F3825540CAC00D37C9F /* Info.plist */,
				20413F3925540CAC00D37C9F /* main.m */,
			);
			path = SampleApp;
			sourceTree = "<group>";
		};
		20413F4025540CE100D37C9F /* Appdelegate */ = {
			isa = PBXGroup;
			children = (
				20413F2725540CA600D37C9F /* AppDelegate.h */,
				20413F2825540CA600D37C9F /* AppDelegate.m */,
				20413F2A25540CA600D37C9F /* SceneDelegate.h */,
				20413F2B25540CA600D37C9F /* SceneDelegate.m */,
			);
			path = Appdelegate;
			sourceTree = "<group>";
		};
		20413F4125540CEC00D37C9F /* Viewcontrollers */ = {
			isa = PBXGroup;
			children = (
				20413F4425540DA100D37C9F /* TAM */,
				20413F4325540D8B00D37C9F /* OpenWrap */,
			);
			path = Viewcontrollers;
			sourceTree = "<group>";
		};
		20413F4225540D1A00D37C9F /* Resources */ = {
			isa = PBXGroup;
			children = (
				20413F3025540CA600D37C9F /* Main.storyboard */,
				20413F3325540CAC00D37C9F /* Assets.xcassets */,
				20413F3525540CAC00D37C9F /* LaunchScreen.storyboard */,
			);
			path = Resources;
			sourceTree = "<group>";
		};
		20413F4325540D8B00D37C9F /* OpenWrap */ = {
			isa = PBXGroup;
			children = (
				20413F452554104800D37C9F /* BannerViewController.h */,
				20413F462554104800D37C9F /* BannerViewController.m */,
				20413F482554109700D37C9F /* BiddingManager.h */,
				20413F492554109700D37C9F /* BiddingManager.m */,
				20413F4B255410BD00D37C9F /* Bidding.h */,
				20413F4F25555FDE00D37C9F /* InterstitialViewController.h */,
				20413F5025555FDE00D37C9F /* InterstitialViewController.m */,
				20413F52255900A900D37C9F /* MainViewController.h */,
				20413F53255900A900D37C9F /* MainViewController.m */,
			);
			path = OpenWrap;
			sourceTree = "<group>";
		};
		20413F4425540DA100D37C9F /* TAM */ = {
			isa = PBXGroup;
			children = (
				20413F4C255416C300D37C9F /* TAMAdLoader.h */,
				20413F4D255416C300D37C9F /* TAMAdLoader.m */,
			);
			path = TAM;
			sourceTree = "<group>";
		};
		B3D7B47E7957253E81252FC4 /* Frameworks */ = {
			isa = PBXGroup;
			children = (
				EF4743CE7EDC4E5688274D8B /* libPods-SampleApp.a */,
			);
			name = Frameworks;
			sourceTree = "<group>";
		};
		BF3A6F343AE847E0F1374623 /* Pods */ = {
			isa = PBXGroup;
			children = (
				FD7DDD91B03949C2C54565F9 /* Pods-SampleApp.debug.xcconfig */,
				4C970F9B2A1C33038881A253 /* Pods-SampleApp.release.xcconfig */,
			);
			path = Pods;
			sourceTree = "<group>";
		};
/* End PBXGroup section */

/* Begin PBXNativeTarget section */
		20413F2325540CA600D37C9F /* SampleApp */ = {
			isa = PBXNativeTarget;
			buildConfigurationList = 20413F3D25540CAC00D37C9F /* Build configuration list for PBXNativeTarget "SampleApp" */;
			buildPhases = (
				E13630DD2A6C72F9B11B16FC /* [CP] Check Pods Manifest.lock */,
				20413F2025540CA600D37C9F /* Sources */,
				20413F2125540CA600D37C9F /* Frameworks */,
				20413F2225540CA600D37C9F /* Resources */,
				08AC19AA74E1C980742DB98B /* [CP] Embed Pods Frameworks */,
				79D915BE1EDE3E8C90865630 /* [CP] Copy Pods Resources */,
			);
			buildRules = (
			);
			dependencies = (
			);
			name = SampleApp;
			productName = SampleApp;
			productReference = 20413F2425540CA600D37C9F /* SampleApp.app */;
			productType = "com.apple.product-type.application";
		};
/* End PBXNativeTarget section */

/* Begin PBXProject section */
		20413F1C25540CA600D37C9F /* Project object */ = {
			isa = PBXProject;
			attributes = {
				LastUpgradeCheck = 1170;
				ORGANIZATIONNAME = Sneha;
				TargetAttributes = {
					20413F2325540CA600D37C9F = {
						CreatedOnToolsVersion = 11.7;
					};
				};
			};
			buildConfigurationList = 20413F1F25540CA600D37C9F /* Build configuration list for PBXProject "SampleApp" */;
			compatibilityVersion = "Xcode 9.3";
			developmentRegion = en;
			hasScannedForEncodings = 0;
			knownRegions = (
				en,
				Base,
			);
			mainGroup = 20413F1B25540CA600D37C9F;
			productRefGroup = 20413F2525540CA600D37C9F /* Products */;
			projectDirPath = "";
			projectRoot = "";
			targets = (
				20413F2325540CA600D37C9F /* SampleApp */,
			);
		};
/* End PBXProject section */

/* Begin PBXResourcesBuildPhase section */
		20413F2225540CA600D37C9F /* Resources */ = {
			isa = PBXResourcesBuildPhase;
			buildActionMask = 2147483647;
			files = (
				20413F3725540CAC00D37C9F /* LaunchScreen.storyboard in Resources */,
				20413F3425540CAC00D37C9F /* Assets.xcassets in Resources */,
				20413F3225540CA600D37C9F /* Main.storyboard in Resources */,
			);
			runOnlyForDeploymentPostprocessing = 0;
		};
/* End PBXResourcesBuildPhase section */

/* Begin PBXShellScriptBuildPhase section */
		08AC19AA74E1C980742DB98B /* [CP] Embed Pods Frameworks */ = {
			isa = PBXShellScriptBuildPhase;
			buildActionMask = 2147483647;
			files = (
			);
			inputFileListPaths = (
				"${PODS_ROOT}/Target Support Files/Pods-SampleApp/Pods-SampleApp-frameworks-${CONFIGURATION}-input-files.xcfilelist",
			);
			name = "[CP] Embed Pods Frameworks";
			outputFileListPaths = (
				"${PODS_ROOT}/Target Support Files/Pods-SampleApp/Pods-SampleApp-frameworks-${CONFIGURATION}-output-files.xcfilelist",
			);
			runOnlyForDeploymentPostprocessing = 0;
			shellPath = /bin/sh;
			shellScript = "\"${PODS_ROOT}/Target Support Files/Pods-SampleApp/Pods-SampleApp-frameworks.sh\"\n";
			showEnvVarsInLog = 0;
		};
		79D915BE1EDE3E8C90865630 /* [CP] Copy Pods Resources */ = {
			isa = PBXShellScriptBuildPhase;
			buildActionMask = 2147483647;
			files = (
			);
			inputFileListPaths = (
				"${PODS_ROOT}/Target Support Files/Pods-SampleApp/Pods-SampleApp-resources-${CONFIGURATION}-input-files.xcfilelist",
			);
			name = "[CP] Copy Pods Resources";
			outputFileListPaths = (
				"${PODS_ROOT}/Target Support Files/Pods-SampleApp/Pods-SampleApp-resources-${CONFIGURATION}-output-files.xcfilelist",
			);
			runOnlyForDeploymentPostprocessing = 0;
			shellPath = /bin/sh;
			shellScript = "\"${PODS_ROOT}/Target Support Files/Pods-SampleApp/Pods-SampleApp-resources.sh\"\n";
			showEnvVarsInLog = 0;
		};
		E13630DD2A6C72F9B11B16FC /* [CP] Check Pods Manifest.lock */ = {
			isa = PBXShellScriptBuildPhase;
			buildActionMask = 2147483647;
			files = (
			);
			inputFileListPaths = (
			);
			inputPaths = (
				"${PODS_PODFILE_DIR_PATH}/Podfile.lock",
				"${PODS_ROOT}/Manifest.lock",
			);
			name = "[CP] Check Pods Manifest.lock";
			outputFileListPaths = (
			);
			outputPaths = (
				"$(DERIVED_FILE_DIR)/Pods-SampleApp-checkManifestLockResult.txt",
			);
			runOnlyForDeploymentPostprocessing = 0;
			shellPath = /bin/sh;
			shellScript = "diff \"${PODS_PODFILE_DIR_PATH}/Podfile.lock\" \"${PODS_ROOT}/Manifest.lock\" > /dev/null\nif [ $? != 0 ] ; then\n    # print error to STDERR\n    echo \"error: The sandbox is not in sync with the Podfile.lock. Run 'pod install' or update your CocoaPods installation.\" >&2\n    exit 1\nfi\n# This output is used by Xcode 'outputs' to avoid re-running this script phase.\necho \"SUCCESS\" > \"${SCRIPT_OUTPUT_FILE_0}\"\n";
			showEnvVarsInLog = 0;
		};
/* End PBXShellScriptBuildPhase section */

/* Begin PBXSourcesBuildPhase section */
		20413F2025540CA600D37C9F /* Sources */ = {
			isa = PBXSourcesBuildPhase;
			buildActionMask = 2147483647;
			files = (
				20413F4E255416C300D37C9F /* TAMAdLoader.m in Sources */,
				20413F2925540CA600D37C9F /* AppDelegate.m in Sources */,
				20413F4A2554109700D37C9F /* BiddingManager.m in Sources */,
				20413F54255900A900D37C9F /* MainViewController.m in Sources */,
				20413F3A25540CAC00D37C9F /* main.m in Sources */,
				20413F5125555FDE00D37C9F /* InterstitialViewController.m in Sources */,
				20413F472554104800D37C9F /* BannerViewController.m in Sources */,
				20413F2C25540CA600D37C9F /* SceneDelegate.m in Sources */,
			);
			runOnlyForDeploymentPostprocessing = 0;
		};
/* End PBXSourcesBuildPhase section */

/* Begin PBXVariantGroup section */
		20413F3025540CA600D37C9F /* Main.storyboard */ = {
			isa = PBXVariantGroup;
			children = (
				20413F3125540CA600D37C9F /* Base */,
			);
			name = Main.storyboard;
			sourceTree = "<group>";
		};
		20413F3525540CAC00D37C9F /* LaunchScreen.storyboard */ = {
			isa = PBXVariantGroup;
			children = (
				20413F3625540CAC00D37C9F /* Base */,
			);
			name = LaunchScreen.storyboard;
			sourceTree = "<group>";
		};
/* End PBXVariantGroup section */

/* Begin XCBuildConfiguration section */
		20413F3B25540CAC00D37C9F /* Debug */ = {
			isa = XCBuildConfiguration;
			buildSettings = {
				ALWAYS_SEARCH_USER_PATHS = NO;
				CLANG_ANALYZER_NONNULL = YES;
				CLANG_ANALYZER_NUMBER_OBJECT_CONVERSION = YES_AGGRESSIVE;
				CLANG_CXX_LANGUAGE_STANDARD = "gnu++14";
				CLANG_CXX_LIBRARY = "libc++";
				CLANG_ENABLE_MODULES = YES;
				CLANG_ENABLE_OBJC_ARC = YES;
				CLANG_ENABLE_OBJC_WEAK = YES;
				CLANG_WARN_BLOCK_CAPTURE_AUTORELEASING = YES;
				CLANG_WARN_BOOL_CONVERSION = YES;
				CLANG_WARN_COMMA = YES;
				CLANG_WARN_CONSTANT_CONVERSION = YES;
				CLANG_WARN_DEPRECATED_OBJC_IMPLEMENTATIONS = YES;
				CLANG_WARN_DIRECT_OBJC_ISA_USAGE = YES_ERROR;
				CLANG_WARN_DOCUMENTATION_COMMENTS = YES;
				CLANG_WARN_EMPTY_BODY = YES;
				CLANG_WARN_ENUM_CONVERSION = YES;
				CLANG_WARN_INFINITE_RECURSION = YES;
				CLANG_WARN_INT_CONVERSION = YES;
				CLANG_WARN_NON_LITERAL_NULL_CONVERSION = YES;
				CLANG_WARN_OBJC_IMPLICIT_RETAIN_SELF = YES;
				CLANG_WARN_OBJC_LITERAL_CONVERSION = YES;
				CLANG_WARN_OBJC_ROOT_CLASS = YES_ERROR;
				CLANG_WARN_RANGE_LOOP_ANALYSIS = YES;
				CLANG_WARN_STRICT_PROTOTYPES = YES;
				CLANG_WARN_SUSPICIOUS_MOVE = YES;
				CLANG_WARN_UNGUARDED_AVAILABILITY = YES_AGGRESSIVE;
				CLANG_WARN_UNREACHABLE_CODE = YES;
				CLANG_WARN__DUPLICATE_METHOD_MATCH = YES;
				COPY_PHASE_STRIP = NO;
				DEBUG_INFORMATION_FORMAT = dwarf;
				ENABLE_STRICT_OBJC_MSGSEND = YES;
				ENABLE_TESTABILITY = YES;
				GCC_C_LANGUAGE_STANDARD = gnu11;
				GCC_DYNAMIC_NO_PIC = NO;
				GCC_NO_COMMON_BLOCKS = YES;
				GCC_OPTIMIZATION_LEVEL = 0;
				GCC_PREPROCESSOR_DEFINITIONS = (
					"DEBUG=1",
					"$(inherited)",
				);
				GCC_WARN_64_TO_32_BIT_CONVERSION = YES;
				GCC_WARN_ABOUT_RETURN_TYPE = YES_ERROR;
				GCC_WARN_UNDECLARED_SELECTOR = YES;
				GCC_WARN_UNINITIALIZED_AUTOS = YES_AGGRESSIVE;
				GCC_WARN_UNUSED_FUNCTION = YES;
				GCC_WARN_UNUSED_VARIABLE = YES;
				IPHONEOS_DEPLOYMENT_TARGET = 13.7;
				MTL_ENABLE_DEBUG_INFO = INCLUDE_SOURCE;
				MTL_FAST_MATH = YES;
				ONLY_ACTIVE_ARCH = YES;
				SDKROOT = iphoneos;
			};
			name = Debug;
		};
		20413F3C25540CAC00D37C9F /* Release */ = {
			isa = XCBuildConfiguration;
			buildSettings = {
				ALWAYS_SEARCH_USER_PATHS = NO;
				CLANG_ANALYZER_NONNULL = YES;
				CLANG_ANALYZER_NUMBER_OBJECT_CONVERSION = YES_AGGRESSIVE;
				CLANG_CXX_LANGUAGE_STANDARD = "gnu++14";
				CLANG_CXX_LIBRARY = "libc++";
				CLANG_ENABLE_MODULES = YES;
				CLANG_ENABLE_OBJC_ARC = YES;
				CLANG_ENABLE_OBJC_WEAK = YES;
				CLANG_WARN_BLOCK_CAPTURE_AUTORELEASING = YES;
				CLANG_WARN_BOOL_CONVERSION = YES;
				CLANG_WARN_COMMA = YES;
				CLANG_WARN_CONSTANT_CONVERSION = YES;
				CLANG_WARN_DEPRECATED_OBJC_IMPLEMENTATIONS = YES;
				CLANG_WARN_DIRECT_OBJC_ISA_USAGE = YES_ERROR;
				CLANG_WARN_DOCUMENTATION_COMMENTS = YES;
				CLANG_WARN_EMPTY_BODY = YES;
				CLANG_WARN_ENUM_CONVERSION = YES;
				CLANG_WARN_INFINITE_RECURSION = YES;
				CLANG_WARN_INT_CONVERSION = YES;
				CLANG_WARN_NON_LITERAL_NULL_CONVERSION = YES;
				CLANG_WARN_OBJC_IMPLICIT_RETAIN_SELF = YES;
				CLANG_WARN_OBJC_LITERAL_CONVERSION = YES;
				CLANG_WARN_OBJC_ROOT_CLASS = YES_ERROR;
				CLANG_WARN_RANGE_LOOP_ANALYSIS = YES;
				CLANG_WARN_STRICT_PROTOTYPES = YES;
				CLANG_WARN_SUSPICIOUS_MOVE = YES;
				CLANG_WARN_UNGUARDED_AVAILABILITY = YES_AGGRESSIVE;
				CLANG_WARN_UNREACHABLE_CODE = YES;
				CLANG_WARN__DUPLICATE_METHOD_MATCH = YES;
				COPY_PHASE_STRIP = NO;
				DEBUG_INFORMATION_FORMAT = "dwarf-with-dsym";
				ENABLE_NS_ASSERTIONS = NO;
				ENABLE_STRICT_OBJC_MSGSEND = YES;
				GCC_C_LANGUAGE_STANDARD = gnu11;
				GCC_NO_COMMON_BLOCKS = YES;
				GCC_WARN_64_TO_32_BIT_CONVERSION = YES;
				GCC_WARN_ABOUT_RETURN_TYPE = YES_ERROR;
				GCC_WARN_UNDECLARED_SELECTOR = YES;
				GCC_WARN_UNINITIALIZED_AUTOS = YES_AGGRESSIVE;
				GCC_WARN_UNUSED_FUNCTION = YES;
				GCC_WARN_UNUSED_VARIABLE = YES;
				IPHONEOS_DEPLOYMENT_TARGET = 13.7;
				MTL_ENABLE_DEBUG_INFO = NO;
				MTL_FAST_MATH = YES;
				SDKROOT = iphoneos;
				VALIDATE_PRODUCT = YES;
			};
			name = Release;
		};
		20413F3E25540CAC00D37C9F /* Debug */ = {
			isa = XCBuildConfiguration;
			baseConfigurationReference = FD7DDD91B03949C2C54565F9 /* Pods-SampleApp.debug.xcconfig */;
			buildSettings = {
				ASSETCATALOG_COMPILER_APPICON_NAME = AppIcon;
				CODE_SIGN_STYLE = Automatic;
				INFOPLIST_FILE = SampleApp/Info.plist;
				LD_RUNPATH_SEARCH_PATHS = (
					"$(inherited)",
					"@executable_path/Frameworks",
				);
				PRODUCT_BUNDLE_IDENTIFIER = com.Pubmatic.SampleApp;
				PRODUCT_NAME = "$(TARGET_NAME)";
				TARGETED_DEVICE_FAMILY = "1,2";
			};
			name = Debug;
		};
		20413F3F25540CAC00D37C9F /* Release */ = {
			isa = XCBuildConfiguration;
			baseConfigurationReference = 4C970F9B2A1C33038881A253 /* Pods-SampleApp.release.xcconfig */;
			buildSettings = {
				ASSETCATALOG_COMPILER_APPICON_NAME = AppIcon;
				CODE_SIGN_STYLE = Automatic;
				INFOPLIST_FILE = SampleApp/Info.plist;
				LD_RUNPATH_SEARCH_PATHS = (
					"$(inherited)",
					"@executable_path/Frameworks",
				);
				PRODUCT_BUNDLE_IDENTIFIER = com.Pubmatic.SampleApp;
				PRODUCT_NAME = "$(TARGET_NAME)";
				TARGETED_DEVICE_FAMILY = "1,2";
			};
			name = Release;
		};
/* End XCBuildConfiguration section */

/* Begin XCConfigurationList section */
		20413F1F25540CA600D37C9F /* Build configuration list for PBXProject "SampleApp" */ = {
			isa = XCConfigurationList;
			buildConfigurations = (
				20413F3B25540CAC00D37C9F /* Debug */,
				20413F3C25540CAC00D37C9F /* Release */,
			);
			defaultConfigurationIsVisible = 0;
			defaultConfigurationName = Release;
		};
		20413F3D25540CAC00D37C9F /* Build configuration list for PBXNativeTarget "SampleApp" */ = {
			isa = XCConfigurationList;
			buildConfigurations = (
				20413F3E25540CAC00D37C9F /* Debug */,
				20413F3F25540CAC00D37C9F /* Release */,
			);
			defaultConfigurationIsVisible = 0;
			defaultConfigurationName = Release;
		};
/* End XCConfigurationList section */
	};
	rootObject = 20413F1C25540CA600D37C9F /* Project object */;
}
