// !$*UTF8*$!
{
	archiveVersion = 1;
	classes = {
	};
	objectVersion = 50;
	objects = {

/* Begin PBXBuildFile section */
		20E20D8524249AD600392C8C /* AppDelegate.m in Sources */ = {isa = PBXBuildFile; fileRef = 20E20D8424249AD600392C8C /* AppDelegate.m */; };
		20E20D8824249AD600392C8C /* SceneDelegate.m in Sources */ = {isa = PBXBuildFile; fileRef = 20E20D8724249AD600392C8C /* SceneDelegate.m */; };
		20E20D8E24249AD600392C8C /* Main.storyboard in Resources */ = {isa = PBXBuildFile; fileRef = 20E20D8C24249AD600392C8C /* Main.storyboard */; };
		20E20D9024249ADA00392C8C /* Assets.xcassets in Resources */ = {isa = PBXBuildFile; fileRef = 20E20D8F24249ADA00392C8C /* Assets.xcassets */; };
		20E20D9324249ADA00392C8C /* LaunchScreen.storyboard in Resources */ = {isa = PBXBuildFile; fileRef = 20E20D9124249ADA00392C8C /* LaunchScreen.storyboard */; };
		20E20D9624249ADA00392C8C /* main.m in Sources */ = {isa = PBXBuildFile; fileRef = 20E20D9524249ADA00392C8C /* main.m */; };
		20E20DA42424A78000392C8C /* BannerViewController.m in Sources */ = {isa = PBXBuildFile; fileRef = 20E20DA32424A78000392C8C /* BannerViewController.m */; };
		20E20DA72424A78F00392C8C /* InterstitialViewController.m in Sources */ = {isa = PBXBuildFile; fileRef = 20E20DA62424A78F00392C8C /* InterstitialViewController.m */; };
		A6C6439054077FC1F94F0A8A /* libPods-SampleApp.a in Frameworks */ = {isa = PBXBuildFile; fileRef = 7F5BB618F079E7E98852F585 /* libPods-SampleApp.a */; };
/* End PBXBuildFile section */

/* Begin PBXFileReference section */
		20E20D8024249AD600392C8C /* SampleApp.app */ = {isa = PBXFileReference; explicitFileType = wrapper.application; includeInIndex = 0; path = SampleApp.app; sourceTree = BUILT_PRODUCTS_DIR; };
		20E20D8324249AD600392C8C /* AppDelegate.h */ = {isa = PBXFileReference; lastKnownFileType = sourcecode.c.h; path = AppDelegate.h; sourceTree = "<group>"; };
		20E20D8424249AD600392C8C /* AppDelegate.m */ = {isa = PBXFileReference; lastKnownFileType = sourcecode.c.objc; path = AppDelegate.m; sourceTree = "<group>"; };
		20E20D8624249AD600392C8C /* SceneDelegate.h */ = {isa = PBXFileReference; lastKnownFileType = sourcecode.c.h; path = SceneDelegate.h; sourceTree = "<group>"; };
		20E20D8724249AD600392C8C /* SceneDelegate.m */ = {isa = PBXFileReference; lastKnownFileType = sourcecode.c.objc; path = SceneDelegate.m; sourceTree = "<group>"; };
		20E20D8D24249AD600392C8C /* Base */ = {isa = PBXFileReference; lastKnownFileType = file.storyboard; name = Base; path = Base.lproj/Main.storyboard; sourceTree = "<group>"; };
		20E20D8F24249ADA00392C8C /* Assets.xcassets */ = {isa = PBXFileReference; lastKnownFileType = folder.assetcatalog; path = Assets.xcassets; sourceTree = "<group>"; };
		20E20D9224249ADA00392C8C /* Base */ = {isa = PBXFileReference; lastKnownFileType = file.storyboard; name = Base; path = Base.lproj/LaunchScreen.storyboard; sourceTree = "<group>"; };
		20E20D9424249ADA00392C8C /* Info.plist */ = {isa = PBXFileReference; lastKnownFileType = text.plist.xml; path = Info.plist; sourceTree = "<group>"; };
		20E20D9524249ADA00392C8C /* main.m */ = {isa = PBXFileReference; lastKnownFileType = sourcecode.c.objc; path = main.m; sourceTree = "<group>"; };
		20E20DA22424A78000392C8C /* BannerViewController.h */ = {isa = PBXFileReference; lastKnownFileType = sourcecode.c.h; path = BannerViewController.h; sourceTree = "<group>"; };
		20E20DA32424A78000392C8C /* BannerViewController.m */ = {isa = PBXFileReference; lastKnownFileType = sourcecode.c.objc; path = BannerViewController.m; sourceTree = "<group>"; };
		20E20DA52424A78F00392C8C /* InterstitialViewController.h */ = {isa = PBXFileReference; lastKnownFileType = sourcecode.c.h; path = InterstitialViewController.h; sourceTree = "<group>"; };
		20E20DA62424A78F00392C8C /* InterstitialViewController.m */ = {isa = PBXFileReference; lastKnownFileType = sourcecode.c.objc; path = InterstitialViewController.m; sourceTree = "<group>"; };
		7F5BB618F079E7E98852F585 /* libPods-SampleApp.a */ = {isa = PBXFileReference; explicitFileType = archive.ar; includeInIndex = 0; path = "libPods-SampleApp.a"; sourceTree = BUILT_PRODUCTS_DIR; };
		A13CC00BA231AF05AD431AB8 /* Pods-SampleApp.debug.xcconfig */ = {isa = PBXFileReference; includeInIndex = 1; lastKnownFileType = text.xcconfig; name = "Pods-SampleApp.debug.xcconfig"; path = "Target Support Files/Pods-SampleApp/Pods-SampleApp.debug.xcconfig"; sourceTree = "<group>"; };
		BBE82A4C25619BD433FBEB27 /* Pods-SampleApp.release.xcconfig */ = {isa = PBXFileReference; includeInIndex = 1; lastKnownFileType = text.xcconfig; name = "Pods-SampleApp.release.xcconfig"; path = "Target Support Files/Pods-SampleApp/Pods-SampleApp.release.xcconfig"; sourceTree = "<group>"; };
/* End PBXFileReference section */

/* Begin PBXFrameworksBuildPhase section */
		20E20D7D24249AD600392C8C /* Frameworks */ = {
			isa = PBXFrameworksBuildPhase;
			buildActionMask = 2147483647;
			files = (
				A6C6439054077FC1F94F0A8A /* libPods-SampleApp.a in Frameworks */,
			);
			runOnlyForDeploymentPostprocessing = 0;
		};
/* End PBXFrameworksBuildPhase section */

/* Begin PBXGroup section */
		20E20D7724249AD600392C8C = {
			isa = PBXGroup;
			children = (
				20E20D8224249AD600392C8C /* SampleApp */,
				20E20D8124249AD600392C8C /* Products */,
				A358F3B129E0566187592D37 /* Pods */,
				3219945E65B0227A16A69AE3 /* Frameworks */,
			);
			sourceTree = "<group>";
		};
		20E20D8124249AD600392C8C /* Products */ = {
			isa = PBXGroup;
			children = (
				20E20D8024249AD600392C8C /* SampleApp.app */,
			);
			name = Products;
			sourceTree = "<group>";
		};
		20E20D8224249AD600392C8C /* SampleApp */ = {
			isa = PBXGroup;
			children = (
				20E20D9C2424A62400392C8C /* Viewcontrollers */,
				20E20D8324249AD600392C8C /* AppDelegate.h */,
				20E20D8424249AD600392C8C /* AppDelegate.m */,
				20E20D8624249AD600392C8C /* SceneDelegate.h */,
				20E20D8724249AD600392C8C /* SceneDelegate.m */,
				20E20D8C24249AD600392C8C /* Main.storyboard */,
				20E20D8F24249ADA00392C8C /* Assets.xcassets */,
				20E20D9124249ADA00392C8C /* LaunchScreen.storyboard */,
				20E20D9424249ADA00392C8C /* Info.plist */,
				20E20D9524249ADA00392C8C /* main.m */,
			);
			path = SampleApp;
			sourceTree = "<group>";
		};
		20E20D9C2424A62400392C8C /* Viewcontrollers */ = {
			isa = PBXGroup;
			children = (
				20E20D9E2424A6D200392C8C /* Banner */,
				20E20D9D2424A68700392C8C /* Interstitial */,
			);
			path = Viewcontrollers;
			sourceTree = "<group>";
		};
		20E20D9D2424A68700392C8C /* Interstitial */ = {
			isa = PBXGroup;
			children = (
				20E20DA52424A78F00392C8C /* InterstitialViewController.h */,
				20E20DA62424A78F00392C8C /* InterstitialViewController.m */,
			);
			path = Interstitial;
			sourceTree = "<group>";
		};
		20E20D9E2424A6D200392C8C /* Banner */ = {
			isa = PBXGroup;
			children = (
				20E20DA22424A78000392C8C /* BannerViewController.h */,
				20E20DA32424A78000392C8C /* BannerViewController.m */,
			);
			path = Banner;
			sourceTree = "<group>";
		};
		3219945E65B0227A16A69AE3 /* Frameworks */ = {
			isa = PBXGroup;
			children = (
				7F5BB618F079E7E98852F585 /* libPods-SampleApp.a */,
			);
			name = Frameworks;
			sourceTree = "<group>";
		};
		A358F3B129E0566187592D37 /* Pods */ = {
			isa = PBXGroup;
			children = (
				A13CC00BA231AF05AD431AB8 /* Pods-SampleApp.debug.xcconfig */,
				BBE82A4C25619BD433FBEB27 /* Pods-SampleApp.release.xcconfig */,
			);
			path = Pods;
			sourceTree = "<group>";
		};
/* End PBXGroup section */

/* Begin PBXNativeTarget section */
		20E20D7F24249AD600392C8C /* SampleApp */ = {
			isa = PBXNativeTarget;
			buildConfigurationList = 20E20D9924249ADA00392C8C /* Build configuration list for PBXNativeTarget "SampleApp" */;
			buildPhases = (
				18AABC44428505236B5F4F60 /* [CP] Check Pods Manifest.lock */,
				20E20D7C24249AD600392C8C /* Sources */,
				20E20D7D24249AD600392C8C /* Frameworks */,
				20E20D7E24249AD600392C8C /* Resources */,
				CF8D2289AC9C0C041FE8EB81 /* [CP] Copy Pods Resources */,
			);
			buildRules = (
			);
			dependencies = (
			);
			name = SampleApp;
			productName = SampleApp;
			productReference = 20E20D8024249AD600392C8C /* SampleApp.app */;
			productType = "com.apple.product-type.application";
		};
/* End PBXNativeTarget section */

/* Begin PBXProject section */
		20E20D7824249AD600392C8C /* Project object */ = {
			isa = PBXProject;
			attributes = {
				LastUpgradeCheck = 1130;
				ORGANIZATIONNAME = Sneha;
				TargetAttributes = {
					20E20D7F24249AD600392C8C = {
						CreatedOnToolsVersion = 11.3.1;
					};
				};
			};
			buildConfigurationList = 20E20D7B24249AD600392C8C /* Build configuration list for PBXProject "SampleApp" */;
			compatibilityVersion = "Xcode 9.3";
			developmentRegion = en;
			hasScannedForEncodings = 0;
			knownRegions = (
				en,
				Base,
			);
			mainGroup = 20E20D7724249AD600392C8C;
			productRefGroup = 20E20D8124249AD600392C8C /* Products */;
			projectDirPath = "";
			projectRoot = "";
			targets = (
				20E20D7F24249AD600392C8C /* SampleApp */,
			);
		};
/* End PBXProject section */

/* Begin PBXResourcesBuildPhase section */
		20E20D7E24249AD600392C8C /* Resources */ = {
			isa = PBXResourcesBuildPhase;
			buildActionMask = 2147483647;
			files = (
				20E20D9324249ADA00392C8C /* LaunchScreen.storyboard in Resources */,
				20E20D9024249ADA00392C8C /* Assets.xcassets in Resources */,
				20E20D8E24249AD600392C8C /* Main.storyboard in Resources */,
			);
			runOnlyForDeploymentPostprocessing = 0;
		};
/* End PBXResourcesBuildPhase section */

/* Begin PBXShellScriptBuildPhase section */
		18AABC44428505236B5F4F60 /* [CP] Check Pods Manifest.lock */ = {
			isa = PBXShellScriptBuildPhase;
			buildActionMask = 2147483647;
			files = (
			);
			inputFileListPaths = (
			);
			inputPaths = (
				"${PODS_PODFILE_DIR_PATH}/Podfile.lock",
				"${PODS_ROOT}/Manifest.lock",
			);
			name = "[CP] Check Pods Manifest.lock";
			outputFileListPaths = (
			);
			outputPaths = (
				"$(DERIVED_FILE_DIR)/Pods-SampleApp-checkManifestLockResult.txt",
			);
			runOnlyForDeploymentPostprocessing = 0;
			shellPath = /bin/sh;
			shellScript = "diff \"${PODS_PODFILE_DIR_PATH}/Podfile.lock\" \"${PODS_ROOT}/Manifest.lock\" > /dev/null\nif [ $? != 0 ] ; then\n    # print error to STDERR\n    echo \"error: The sandbox is not in sync with the Podfile.lock. Run 'pod install' or update your CocoaPods installation.\" >&2\n    exit 1\nfi\n# This output is used by Xcode 'outputs' to avoid re-running this script phase.\necho \"SUCCESS\" > \"${SCRIPT_OUTPUT_FILE_0}\"\n";
			showEnvVarsInLog = 0;
		};
		CF8D2289AC9C0C041FE8EB81 /* [CP] Copy Pods Resources */ = {
			isa = PBXShellScriptBuildPhase;
			buildActionMask = 2147483647;
			files = (
			);
			inputFileListPaths = (
			);
			inputPaths = (
				"${PODS_ROOT}/Target Support Files/Pods-SampleApp/Pods-SampleApp-resources.sh",
				"${PODS_ROOT}/../../../../../../../PubMaticSDK/PubMaticSDK/OMSDK/Resources/omsdk-v1.js",
				"${PODS_ROOT}/../../../../../../../PubMaticSDK/PubMaticSDK/Video/Resources/POBVideoResources.bundle",
				"${PODS_ROOT}/../../../../../../../PubMaticSDK/PubMaticSDK/Webrendering/Resources/pmmraid.js",
				"${PODS_ROOT}/../../../../../../../PubMaticSDK/PubMaticSDK/Webrendering/Resources/POBResources.bundle",
			);
			name = "[CP] Copy Pods Resources";
			outputFileListPaths = (
			);
			outputPaths = (
				"${TARGET_BUILD_DIR}/${UNLOCALIZED_RESOURCES_FOLDER_PATH}/omsdk-v1.js",
				"${TARGET_BUILD_DIR}/${UNLOCALIZED_RESOURCES_FOLDER_PATH}/POBVideoResources.bundle",
				"${TARGET_BUILD_DIR}/${UNLOCALIZED_RESOURCES_FOLDER_PATH}/pmmraid.js",
				"${TARGET_BUILD_DIR}/${UNLOCALIZED_RESOURCES_FOLDER_PATH}/POBResources.bundle",
			);
			runOnlyForDeploymentPostprocessing = 0;
			shellPath = /bin/sh;
			shellScript = "\"${PODS_ROOT}/Target Support Files/Pods-SampleApp/Pods-SampleApp-resources.sh\"\n";
			showEnvVarsInLog = 0;
		};
/* End PBXShellScriptBuildPhase section */

/* Begin PBXSourcesBuildPhase section */
		20E20D7C24249AD600392C8C /* Sources */ = {
			isa = PBXSourcesBuildPhase;
			buildActionMask = 2147483647;
			files = (
				20E20D8524249AD600392C8C /* AppDelegate.m in Sources */,
				20E20D9624249ADA00392C8C /* main.m in Sources */,
				20E20D8824249AD600392C8C /* SceneDelegate.m in Sources */,
				20E20DA72424A78F00392C8C /* InterstitialViewController.m in Sources */,
				20E20DA42424A78000392C8C /* BannerViewController.m in Sources */,
			);
			runOnlyForDeploymentPostprocessing = 0;
		};
/* End PBXSourcesBuildPhase section */

/* Begin PBXVariantGroup section */
		20E20D8C24249AD600392C8C /* Main.storyboard */ = {
			isa = PBXVariantGroup;
			children = (
				20E20D8D24249AD600392C8C /* Base */,
			);
			name = Main.storyboard;
			sourceTree = "<group>";
		};
		20E20D9124249ADA00392C8C /* LaunchScreen.storyboard */ = {
			isa = PBXVariantGroup;
			children = (
				20E20D9224249ADA00392C8C /* Base */,
			);
			name = LaunchScreen.storyboard;
			sourceTree = "<group>";
		};
/* End PBXVariantGroup section */

/* Begin XCBuildConfiguration section */
		20E20D9724249ADA00392C8C /* Debug */ = {
			isa = XCBuildConfiguration;
			buildSettings = {
				ALWAYS_SEARCH_USER_PATHS = NO;
				CLANG_ANALYZER_NONNULL = YES;
				CLANG_ANALYZER_NUMBER_OBJECT_CONVERSION = YES_AGGRESSIVE;
				CLANG_CXX_LANGUAGE_STANDARD = "gnu++14";
				CLANG_CXX_LIBRARY = "libc++";
				CLANG_ENABLE_MODULES = YES;
				CLANG_ENABLE_OBJC_ARC = YES;
				CLANG_ENABLE_OBJC_WEAK = YES;
				CLANG_WARN_BLOCK_CAPTURE_AUTORELEASING = YES;
				CLANG_WARN_BOOL_CONVERSION = YES;
				CLANG_WARN_COMMA = YES;
				CLANG_WARN_CONSTANT_CONVERSION = YES;
				CLANG_WARN_DEPRECATED_OBJC_IMPLEMENTATIONS = YES;
				CLANG_WARN_DIRECT_OBJC_ISA_USAGE = YES_ERROR;
				CLANG_WARN_DOCUMENTATION_COMMENTS = YES;
				CLANG_WARN_EMPTY_BODY = YES;
				CLANG_WARN_ENUM_CONVERSION = YES;
				CLANG_WARN_INFINITE_RECURSION = YES;
				CLANG_WARN_INT_CONVERSION = YES;
				CLANG_WARN_NON_LITERAL_NULL_CONVERSION = YES;
				CLANG_WARN_OBJC_IMPLICIT_RETAIN_SELF = YES;
				CLANG_WARN_OBJC_LITERAL_CONVERSION = YES;
				CLANG_WARN_OBJC_ROOT_CLASS = YES_ERROR;
				CLANG_WARN_RANGE_LOOP_ANALYSIS = YES;
				CLANG_WARN_STRICT_PROTOTYPES = YES;
				CLANG_WARN_SUSPICIOUS_MOVE = YES;
				CLANG_WARN_UNGUARDED_AVAILABILITY = YES_AGGRESSIVE;
				CLANG_WARN_UNREACHABLE_CODE = YES;
				CLANG_WARN__DUPLICATE_METHOD_MATCH = YES;
				COPY_PHASE_STRIP = NO;
				DEBUG_INFORMATION_FORMAT = dwarf;
				ENABLE_STRICT_OBJC_MSGSEND = YES;
				ENABLE_TESTABILITY = YES;
				GCC_C_LANGUAGE_STANDARD = gnu11;
				GCC_DYNAMIC_NO_PIC = NO;
				GCC_NO_COMMON_BLOCKS = YES;
				GCC_OPTIMIZATION_LEVEL = 0;
				GCC_PREPROCESSOR_DEFINITIONS = (
					"DEBUG=1",
					"$(inherited)",
				);
				GCC_WARN_64_TO_32_BIT_CONVERSION = YES;
				GCC_WARN_ABOUT_RETURN_TYPE = YES_ERROR;
				GCC_WARN_UNDECLARED_SELECTOR = YES;
				GCC_WARN_UNINITIALIZED_AUTOS = YES_AGGRESSIVE;
				GCC_WARN_UNUSED_FUNCTION = YES;
				GCC_WARN_UNUSED_VARIABLE = YES;
				IPHONEOS_DEPLOYMENT_TARGET = 13.2;
				MTL_ENABLE_DEBUG_INFO = INCLUDE_SOURCE;
				MTL_FAST_MATH = YES;
				ONLY_ACTIVE_ARCH = YES;
				SDKROOT = iphoneos;
			};
			name = Debug;
		};
		20E20D9824249ADA00392C8C /* Release */ = {
			isa = XCBuildConfiguration;
			buildSettings = {
				ALWAYS_SEARCH_USER_PATHS = NO;
				CLANG_ANALYZER_NONNULL = YES;
				CLANG_ANALYZER_NUMBER_OBJECT_CONVERSION = YES_AGGRESSIVE;
				CLANG_CXX_LANGUAGE_STANDARD = "gnu++14";
				CLANG_CXX_LIBRARY = "libc++";
				CLANG_ENABLE_MODULES = YES;
				CLANG_ENABLE_OBJC_ARC = YES;
				CLANG_ENABLE_OBJC_WEAK = YES;
				CLANG_WARN_BLOCK_CAPTURE_AUTORELEASING = YES;
				CLANG_WARN_BOOL_CONVERSION = YES;
				CLANG_WARN_COMMA = YES;
				CLANG_WARN_CONSTANT_CONVERSION = YES;
				CLANG_WARN_DEPRECATED_OBJC_IMPLEMENTATIONS = YES;
				CLANG_WARN_DIRECT_OBJC_ISA_USAGE = YES_ERROR;
				CLANG_WARN_DOCUMENTATION_COMMENTS = YES;
				CLANG_WARN_EMPTY_BODY = YES;
				CLANG_WARN_ENUM_CONVERSION = YES;
				CLANG_WARN_INFINITE_RECURSION = YES;
				CLANG_WARN_INT_CONVERSION = YES;
				CLANG_WARN_NON_LITERAL_NULL_CONVERSION = YES;
				CLANG_WARN_OBJC_IMPLICIT_RETAIN_SELF = YES;
				CLANG_WARN_OBJC_LITERAL_CONVERSION = YES;
				CLANG_WARN_OBJC_ROOT_CLASS = YES_ERROR;
				CLANG_WARN_RANGE_LOOP_ANALYSIS = YES;
				CLANG_WARN_STRICT_PROTOTYPES = YES;
				CLANG_WARN_SUSPICIOUS_MOVE = YES;
				CLANG_WARN_UNGUARDED_AVAILABILITY = YES_AGGRESSIVE;
				CLANG_WARN_UNREACHABLE_CODE = YES;
				CLANG_WARN__DUPLICATE_METHOD_MATCH = YES;
				COPY_PHASE_STRIP = NO;
				DEBUG_INFORMATION_FORMAT = "dwarf-with-dsym";
				ENABLE_NS_ASSERTIONS = NO;
				ENABLE_STRICT_OBJC_MSGSEND = YES;
				GCC_C_LANGUAGE_STANDARD = gnu11;
				GCC_NO_COMMON_BLOCKS = YES;
				GCC_WARN_64_TO_32_BIT_CONVERSION = YES;
				GCC_WARN_ABOUT_RETURN_TYPE = YES_ERROR;
				GCC_WARN_UNDECLARED_SELECTOR = YES;
				GCC_WARN_UNINITIALIZED_AUTOS = YES_AGGRESSIVE;
				GCC_WARN_UNUSED_FUNCTION = YES;
				GCC_WARN_UNUSED_VARIABLE = YES;
				IPHONEOS_DEPLOYMENT_TARGET = 13.2;
				MTL_ENABLE_DEBUG_INFO = NO;
				MTL_FAST_MATH = YES;
				SDKROOT = iphoneos;
				VALIDATE_PRODUCT = YES;
			};
			name = Release;
		};
		20E20D9A24249ADA00392C8C /* Debug */ = {
			isa = XCBuildConfiguration;
			baseConfigurationReference = A13CC00BA231AF05AD431AB8 /* Pods-SampleApp.debug.xcconfig */;
			buildSettings = {
				ASSETCATALOG_COMPILER_APPICON_NAME = AppIcon;
				CODE_SIGN_STYLE = Automatic;
				INFOPLIST_FILE = SampleApp/Info.plist;
				IPHONEOS_DEPLOYMENT_TARGET = 13.2;
				LD_RUNPATH_SEARCH_PATHS = (
					"$(inherited)",
					"@executable_path/Frameworks",
				);
				PRODUCT_BUNDLE_IDENTIFIER = com.Pubmatic.SampleApp;
				PRODUCT_NAME = "$(TARGET_NAME)";
				TARGETED_DEVICE_FAMILY = "1,2";
			};
			name = Debug;
		};
		20E20D9B24249ADA00392C8C /* Release */ = {
			isa = XCBuildConfiguration;
			baseConfigurationReference = BBE82A4C25619BD433FBEB27 /* Pods-SampleApp.release.xcconfig */;
			buildSettings = {
				ASSETCATALOG_COMPILER_APPICON_NAME = AppIcon;
				CODE_SIGN_STYLE = Automatic;
				INFOPLIST_FILE = SampleApp/Info.plist;
				IPHONEOS_DEPLOYMENT_TARGET = 13.2;
				LD_RUNPATH_SEARCH_PATHS = (
					"$(inherited)",
					"@executable_path/Frameworks",
				);
				PRODUCT_BUNDLE_IDENTIFIER = com.Pubmatic.SampleApp;
				PRODUCT_NAME = "$(TARGET_NAME)";
				TARGETED_DEVICE_FAMILY = "1,2";
			};
			name = Release;
		};
/* End XCBuildConfiguration section */

/* Begin XCConfigurationList section */
		20E20D7B24249AD600392C8C /* Build configuration list for PBXProject "SampleApp" */ = {
			isa = XCConfigurationList;
			buildConfigurations = (
				20E20D9724249ADA00392C8C /* Debug */,
				20E20D9824249ADA00392C8C /* Release */,
			);
			defaultConfigurationIsVisible = 0;
			defaultConfigurationName = Release;
		};
		20E20D9924249ADA00392C8C /* Build configuration list for PBXNativeTarget "SampleApp" */ = {
			isa = XCConfigurationList;
			buildConfigurations = (
				20E20D9A24249ADA00392C8C /* Debug */,
				20E20D9B24249ADA00392C8C /* Release */,
			);
			defaultConfigurationIsVisible = 0;
			defaultConfigurationName = Release;
		};
/* End XCConfigurationList section */
	};
	rootObject = 20E20D7824249AD600392C8C /* Project object */;
}
