// !$*UTF8*$!
{
	archiveVersion = 1;
	classes = {
	};
	objectVersion = 51;
	objects = {

/* Begin PBXBuildFile section */
		200F17AB25B83ECF00ECD793 /* TAMAdLoader.swift in Sources */ = {isa = PBXBuildFile; fileRef = 200F17A825B83ECF00ECD793 /* TAMAdLoader.swift */; };
		200F17AC25B83ECF00ECD793 /* BiddingManager.swift in Sources */ = {isa = PBXBuildFile; fileRef = 200F17A925B83ECF00ECD793 /* BiddingManager.swift */; };
		200F17AD25B83ECF00ECD793 /* Bidding.swift in Sources */ = {isa = PBXBuildFile; fileRef = 200F17AA25B83ECF00ECD793 /* Bidding.swift */; };
		200F17B025B83EF500ECD793 /* AdLoader.swift in Sources */ = {isa = PBXBuildFile; fileRef = 200F17AF25B83EF500ECD793 /* AdLoader.swift */; };
		200F17C225B8683200ECD793 /* Constants.swift in Sources */ = {isa = PBXBuildFile; fileRef = 200F17C125B8683200ECD793 /* Constants.swift */; };
		201885C825B563E000CAC69F /* AppDelegate.swift in Sources */ = {isa = PBXBuildFile; fileRef = 201885C725B563E000CAC69F /* AppDelegate.swift */; };
		201885CC25B563E000CAC69F /* BannerViewController.swift in Sources */ = {isa = PBXBuildFile; fileRef = 201885CB25B563E000CAC69F /* BannerViewController.swift */; };
		201885CF25B563E000CAC69F /* Main.storyboard in Resources */ = {isa = PBXBuildFile; fileRef = 201885CD25B563E000CAC69F /* Main.storyboard */; };
		201885D125B563E500CAC69F /* Assets.xcassets in Resources */ = {isa = PBXBuildFile; fileRef = 201885D025B563E500CAC69F /* Assets.xcassets */; };
		201885D425B563E500CAC69F /* LaunchScreen.storyboard in Resources */ = {isa = PBXBuildFile; fileRef = 201885D225B563E500CAC69F /* LaunchScreen.storyboard */; };
		3EF8645226E76A090016CE7C /* NativeAndBannerViewController.swift in Sources */ = {isa = PBXBuildFile; fileRef = 3EF8645126E76A090016CE7C /* NativeAndBannerViewController.swift */; };
		3EF8645426E76D310016CE7C /* NativeAndBannerAdLoader.swift in Sources */ = {isa = PBXBuildFile; fileRef = 3EF8645326E76D300016CE7C /* NativeAndBannerAdLoader.swift */; };
		3EF8645826E782320016CE7C /* CustomNativeAdView.xib in Resources */ = {isa = PBXBuildFile; fileRef = 3EF8645626E782320016CE7C /* CustomNativeAdView.xib */; };
		3EF8645926E782320016CE7C /* NativeAdView.xib in Resources */ = {isa = PBXBuildFile; fileRef = 3EF8645726E782320016CE7C /* NativeAdView.xib */; };
		3EF8645E26E782B50016CE7C /* CustomNativeAdView.swift in Sources */ = {isa = PBXBuildFile; fileRef = 3EF8645D26E782B50016CE7C /* CustomNativeAdView.swift */; };
/* End PBXBuildFile section */

/* Begin PBXFileReference section */
		200F17A825B83ECF00ECD793 /* TAMAdLoader.swift */ = {isa = PBXFileReference; fileEncoding = 4; lastKnownFileType = sourcecode.swift; path = TAMAdLoader.swift; sourceTree = "<group>"; };
		200F17A925B83ECF00ECD793 /* BiddingManager.swift */ = {isa = PBXFileReference; fileEncoding = 4; lastKnownFileType = sourcecode.swift; path = BiddingManager.swift; sourceTree = "<group>"; };
		200F17AA25B83ECF00ECD793 /* Bidding.swift */ = {isa = PBXFileReference; fileEncoding = 4; lastKnownFileType = sourcecode.swift; path = Bidding.swift; sourceTree = "<group>"; };
		200F17AF25B83EF500ECD793 /* AdLoader.swift */ = {isa = PBXFileReference; fileEncoding = 4; lastKnownFileType = sourcecode.swift; path = AdLoader.swift; sourceTree = "<group>"; };
		200F17C125B8683200ECD793 /* Constants.swift */ = {isa = PBXFileReference; lastKnownFileType = sourcecode.swift; path = Constants.swift; sourceTree = "<group>"; };
		201885C425B563E000CAC69F /* SampleApp.app */ = {isa = PBXFileReference; explicitFileType = wrapper.application; includeInIndex = 0; path = SampleApp.app; sourceTree = BUILT_PRODUCTS_DIR; };
		201885C725B563E000CAC69F /* AppDelegate.swift */ = {isa = PBXFileReference; lastKnownFileType = sourcecode.swift; path = AppDelegate.swift; sourceTree = "<group>"; };
		201885CB25B563E000CAC69F /* BannerViewController.swift */ = {isa = PBXFileReference; lastKnownFileType = sourcecode.swift; path = BannerViewController.swift; sourceTree = "<group>"; };
		201885CE25B563E000CAC69F /* Base */ = {isa = PBXFileReference; lastKnownFileType = file.storyboard; name = Base; path = Base.lproj/Main.storyboard; sourceTree = "<group>"; };
		201885D025B563E500CAC69F /* Assets.xcassets */ = {isa = PBXFileReference; lastKnownFileType = folder.assetcatalog; path = Assets.xcassets; sourceTree = "<group>"; };
		201885D325B563E500CAC69F /* Base */ = {isa = PBXFileReference; lastKnownFileType = file.storyboard; name = Base; path = Base.lproj/LaunchScreen.storyboard; sourceTree = "<group>"; };
		201885D525B563E500CAC69F /* Info.plist */ = {isa = PBXFileReference; lastKnownFileType = text.plist.xml; path = Info.plist; sourceTree = "<group>"; };
		201885E925B57CA700CAC69F /* SampleApp-Bridging-Header.h */ = {isa = PBXFileReference; lastKnownFileType = sourcecode.c.h; path = "SampleApp-Bridging-Header.h"; sourceTree = "<group>"; };
		3EF8645126E76A090016CE7C /* NativeAndBannerViewController.swift */ = {isa = PBXFileReference; lastKnownFileType = sourcecode.swift; path = NativeAndBannerViewController.swift; sourceTree = "<group>"; };
		3EF8645326E76D300016CE7C /* NativeAndBannerAdLoader.swift */ = {isa = PBXFileReference; fileEncoding = 4; lastKnownFileType = sourcecode.swift; path = NativeAndBannerAdLoader.swift; sourceTree = "<group>"; };
		3EF8645626E782320016CE7C /* CustomNativeAdView.xib */ = {isa = PBXFileReference; fileEncoding = 4; lastKnownFileType = file.xib; path = CustomNativeAdView.xib; sourceTree = "<group>"; };
		3EF8645726E782320016CE7C /* NativeAdView.xib */ = {isa = PBXFileReference; fileEncoding = 4; lastKnownFileType = file.xib; path = NativeAdView.xib; sourceTree = "<group>"; };
		3EF8645D26E782B50016CE7C /* CustomNativeAdView.swift */ = {isa = PBXFileReference; fileEncoding = 4; lastKnownFileType = sourcecode.swift; path = CustomNativeAdView.swift; sourceTree = "<group>"; };
/* End PBXFileReference section */

/* Begin PBXFrameworksBuildPhase section */
		201885C125B563E000CAC69F /* Frameworks */ = {
			isa = PBXFrameworksBuildPhase;
			buildActionMask = 2147483647;
			files = (
			);
			runOnlyForDeploymentPostprocessing = 0;
		};
/* End PBXFrameworksBuildPhase section */

/* Begin PBXGroup section */
		201885BB25B563E000CAC69F = {
			isa = PBXGroup;
			children = (
				201885E925B57CA700CAC69F /* SampleApp-Bridging-Header.h */,
				201885C625B563E000CAC69F /* SampleApp */,
				201885C525B563E000CAC69F /* Products */,
				8CABDB18C710634204D98782 /* Pods */,
			);
			sourceTree = "<group>";
		};
		201885C525B563E000CAC69F /* Products */ = {
			isa = PBXGroup;
			children = (
				201885C425B563E000CAC69F /* SampleApp.app */,
			);
			name = Products;
			sourceTree = "<group>";
		};
		201885C625B563E000CAC69F /* SampleApp */ = {
			isa = PBXGroup;
			children = (
				3EF8645A26E782390016CE7C /* Views */,
				3EF8645526E781450016CE7C /* Resources */,
				3EF8645326E76D300016CE7C /* NativeAndBannerAdLoader.swift */,
				200F17AF25B83EF500ECD793 /* AdLoader.swift */,
				200F17AA25B83ECF00ECD793 /* Bidding.swift */,
				200F17A925B83ECF00ECD793 /* BiddingManager.swift */,
				200F17A825B83ECF00ECD793 /* TAMAdLoader.swift */,
				201885C725B563E000CAC69F /* AppDelegate.swift */,
				201885CB25B563E000CAC69F /* BannerViewController.swift */,
				201885CD25B563E000CAC69F /* Main.storyboard */,
				201885D025B563E500CAC69F /* Assets.xcassets */,
				201885D225B563E500CAC69F /* LaunchScreen.storyboard */,
				201885D525B563E500CAC69F /* Info.plist */,
				200F17C125B8683200ECD793 /* Constants.swift */,
				3EF8645126E76A090016CE7C /* NativeAndBannerViewController.swift */,
			);
			path = SampleApp;
			sourceTree = "<group>";
		};
		3EF8645526E781450016CE7C /* Resources */ = {
			isa = PBXGroup;
			children = (
				3EF8645626E782320016CE7C /* CustomNativeAdView.xib */,
				3EF8645726E782320016CE7C /* NativeAdView.xib */,
			);
			path = Resources;
			sourceTree = "<group>";
		};
		3EF8645A26E782390016CE7C /* Views */ = {
			isa = PBXGroup;
			children = (
				3EF8645D26E782B50016CE7C /* CustomNativeAdView.swift */,
			);
			path = Views;
			sourceTree = "<group>";
		};
		8CABDB18C710634204D98782 /* Pods */ = {
			isa = PBXGroup;
			children = (
			);
			path = Pods;
			sourceTree = "<group>";
		};
/* End PBXGroup section */

/* Begin PBXNativeTarget section */
		201885C325B563E000CAC69F /* SampleApp */ = {
			isa = PBXNativeTarget;
			buildConfigurationList = 201885D825B563E500CAC69F /* Build configuration list for PBXNativeTarget "SampleApp" */;
			buildPhases = (
				F9DBA897B475023D9D776537 /* [CP] Prepare Artifacts */,
				201885C025B563E000CAC69F /* Sources */,
				201885C125B563E000CAC69F /* Frameworks */,
				201885C225B563E000CAC69F /* Resources */,
			);
			buildRules = (
			);
			dependencies = (
			);
			name = SampleApp;
			productName = SampleApp;
			productReference = 201885C425B563E000CAC69F /* SampleApp.app */;
			productType = "com.apple.product-type.application";
		};
/* End PBXNativeTarget section */

/* Begin PBXProject section */
		201885BC25B563E000CAC69F /* Project object */ = {
			isa = PBXProject;
			attributes = {
				LastSwiftUpdateCheck = 1220;
				LastUpgradeCheck = 1220;
				TargetAttributes = {
					201885C325B563E000CAC69F = {
						CreatedOnToolsVersion = 12.2;
					};
				};
			};
			buildConfigurationList = 201885BF25B563E000CAC69F /* Build configuration list for PBXProject "SampleApp" */;
			compatibilityVersion = "Xcode 9.3";
			developmentRegion = en;
			hasScannedForEncodings = 0;
			knownRegions = (
				en,
				Base,
			);
			mainGroup = 201885BB25B563E000CAC69F;
			productRefGroup = 201885C525B563E000CAC69F /* Products */;
			projectDirPath = "";
			projectRoot = "";
			targets = (
				201885C325B563E000CAC69F /* SampleApp */,
			);
		};
/* End PBXProject section */

/* Begin PBXResourcesBuildPhase section */
		201885C225B563E000CAC69F /* Resources */ = {
			isa = PBXResourcesBuildPhase;
			buildActionMask = 2147483647;
			files = (
				201885D425B563E500CAC69F /* LaunchScreen.storyboard in Resources */,
				3EF8645826E782320016CE7C /* CustomNativeAdView.xib in Resources */,
				3EF8645926E782320016CE7C /* NativeAdView.xib in Resources */,
				201885D125B563E500CAC69F /* Assets.xcassets in Resources */,
				201885CF25B563E000CAC69F /* Main.storyboard in Resources */,
			);
			runOnlyForDeploymentPostprocessing = 0;
		};
/* End PBXResourcesBuildPhase section */

/* Begin PBXShellScriptBuildPhase section */
		F9DBA897B475023D9D776537 /* [CP] Prepare Artifacts */ = {
			isa = PBXShellScriptBuildPhase;
			buildActionMask = 2147483647;
			files = (
			);
			inputFileListPaths = (
				"${PODS_ROOT}/Target Support Files/Pods-SampleApp/Pods-SampleApp-artifacts-${CONFIGURATION}-input-files.xcfilelist",
			);
			name = "[CP] Prepare Artifacts";
			outputFileListPaths = (
				"${PODS_ROOT}/Target Support Files/Pods-SampleApp/Pods-SampleApp-artifacts-${CONFIGURATION}-output-files.xcfilelist",
			);
			runOnlyForDeploymentPostprocessing = 0;
			shellPath = /bin/sh;
			shellScript = "\"${PODS_ROOT}/Target Support Files/Pods-SampleApp/Pods-SampleApp-artifacts.sh\"\n";
			showEnvVarsInLog = 0;
		};
/* End PBXShellScriptBuildPhase section */

/* Begin PBXSourcesBuildPhase section */
		201885C025B563E000CAC69F /* Sources */ = {
			isa = PBXSourcesBuildPhase;
			buildActionMask = 2147483647;
			files = (
				201885CC25B563E000CAC69F /* BannerViewController.swift in Sources */,
				200F17AB25B83ECF00ECD793 /* TAMAdLoader.swift in Sources */,
				201885C825B563E000CAC69F /* AppDelegate.swift in Sources */,
				3EF8645E26E782B50016CE7C /* CustomNativeAdView.swift in Sources */,
				3EF8645426E76D310016CE7C /* NativeAndBannerAdLoader.swift in Sources */,
				200F17B025B83EF500ECD793 /* AdLoader.swift in Sources */,
				200F17C225B8683200ECD793 /* Constants.swift in Sources */,
				3EF8645226E76A090016CE7C /* NativeAndBannerViewController.swift in Sources */,
				200F17AC25B83ECF00ECD793 /* BiddingManager.swift in Sources */,
				200F17AD25B83ECF00ECD793 /* Bidding.swift in Sources */,
			);
			runOnlyForDeploymentPostprocessing = 0;
		};
/* End PBXSourcesBuildPhase section */

/* Begin PBXVariantGroup section */
		201885CD25B563E000CAC69F /* Main.storyboard */ = {
			isa = PBXVariantGroup;
			children = (
				201885CE25B563E000CAC69F /* Base */,
			);
			name = Main.storyboard;
			sourceTree = "<group>";
		};
		201885D225B563E500CAC69F /* LaunchScreen.storyboard */ = {
			isa = PBXVariantGroup;
			children = (
				201885D325B563E500CAC69F /* Base */,
			);
			name = LaunchScreen.storyboard;
			sourceTree = "<group>";
		};
/* End PBXVariantGroup section */

/* Begin XCBuildConfiguration section */
		201885D625B563E500CAC69F /* Debug */ = {
			isa = XCBuildConfiguration;
			buildSettings = {
				ALWAYS_SEARCH_USER_PATHS = NO;
				CLANG_ANALYZER_NONNULL = YES;
				CLANG_ANALYZER_NUMBER_OBJECT_CONVERSION = YES_AGGRESSIVE;
				CLANG_CXX_LANGUAGE_STANDARD = "gnu++14";
				CLANG_CXX_LIBRARY = "libc++";
				CLANG_ENABLE_MODULES = YES;
				CLANG_ENABLE_OBJC_ARC = YES;
				CLANG_ENABLE_OBJC_WEAK = YES;
				CLANG_WARN_BLOCK_CAPTURE_AUTORELEASING = YES;
				CLANG_WARN_BOOL_CONVERSION = YES;
				CLANG_WARN_COMMA = YES;
				CLANG_WARN_CONSTANT_CONVERSION = YES;
				CLANG_WARN_DEPRECATED_OBJC_IMPLEMENTATIONS = YES;
				CLANG_WARN_DIRECT_OBJC_ISA_USAGE = YES_ERROR;
				CLANG_WARN_DOCUMENTATION_COMMENTS = YES;
				CLANG_WARN_EMPTY_BODY = YES;
				CLANG_WARN_ENUM_CONVERSION = YES;
				CLANG_WARN_INFINITE_RECURSION = YES;
				CLANG_WARN_INT_CONVERSION = YES;
				CLANG_WARN_NON_LITERAL_NULL_CONVERSION = YES;
				CLANG_WARN_OBJC_IMPLICIT_RETAIN_SELF = YES;
				CLANG_WARN_OBJC_LITERAL_CONVERSION = YES;
				CLANG_WARN_OBJC_ROOT_CLASS = YES_ERROR;
				CLANG_WARN_QUOTED_INCLUDE_IN_FRAMEWORK_HEADER = YES;
				CLANG_WARN_RANGE_LOOP_ANALYSIS = YES;
				CLANG_WARN_STRICT_PROTOTYPES = YES;
				CLANG_WARN_SUSPICIOUS_MOVE = YES;
				CLANG_WARN_UNGUARDED_AVAILABILITY = YES_AGGRESSIVE;
				CLANG_WARN_UNREACHABLE_CODE = YES;
				CLANG_WARN__DUPLICATE_METHOD_MATCH = YES;
				COPY_PHASE_STRIP = NO;
				DEBUG_INFORMATION_FORMAT = dwarf;
				ENABLE_STRICT_OBJC_MSGSEND = YES;
				ENABLE_TESTABILITY = YES;
				GCC_C_LANGUAGE_STANDARD = gnu11;
				GCC_DYNAMIC_NO_PIC = NO;
				GCC_NO_COMMON_BLOCKS = YES;
				GCC_OPTIMIZATION_LEVEL = 0;
				GCC_PREPROCESSOR_DEFINITIONS = (
					"DEBUG=1",
					"$(inherited)",
				);
				GCC_WARN_64_TO_32_BIT_CONVERSION = YES;
				GCC_WARN_ABOUT_RETURN_TYPE = YES_ERROR;
				GCC_WARN_UNDECLARED_SELECTOR = YES;
				GCC_WARN_UNINITIALIZED_AUTOS = YES_AGGRESSIVE;
				GCC_WARN_UNUSED_FUNCTION = YES;
				GCC_WARN_UNUSED_VARIABLE = YES;
				IPHONEOS_DEPLOYMENT_TARGET = 12.0;
				MTL_ENABLE_DEBUG_INFO = INCLUDE_SOURCE;
				MTL_FAST_MATH = YES;
				ONLY_ACTIVE_ARCH = YES;
				SDKROOT = iphoneos;
				SWIFT_ACTIVE_COMPILATION_CONDITIONS = DEBUG;
				SWIFT_OPTIMIZATION_LEVEL = "-Onone";
			};
			name = Debug;
		};
		201885D725B563E500CAC69F /* Release */ = {
			isa = XCBuildConfiguration;
			buildSettings = {
				ALWAYS_SEARCH_USER_PATHS = NO;
				CLANG_ANALYZER_NONNULL = YES;
				CLANG_ANALYZER_NUMBER_OBJECT_CONVERSION = YES_AGGRESSIVE;
				CLANG_CXX_LANGUAGE_STANDARD = "gnu++14";
				CLANG_CXX_LIBRARY = "libc++";
				CLANG_ENABLE_MODULES = YES;
				CLANG_ENABLE_OBJC_ARC = YES;
				CLANG_ENABLE_OBJC_WEAK = YES;
				CLANG_WARN_BLOCK_CAPTURE_AUTORELEASING = YES;
				CLANG_WARN_BOOL_CONVERSION = YES;
				CLANG_WARN_COMMA = YES;
				CLANG_WARN_CONSTANT_CONVERSION = YES;
				CLANG_WARN_DEPRECATED_OBJC_IMPLEMENTATIONS = YES;
				CLANG_WARN_DIRECT_OBJC_ISA_USAGE = YES_ERROR;
				CLANG_WARN_DOCUMENTATION_COMMENTS = YES;
				CLANG_WARN_EMPTY_BODY = YES;
				CLANG_WARN_ENUM_CONVERSION = YES;
				CLANG_WARN_INFINITE_RECURSION = YES;
				CLANG_WARN_INT_CONVERSION = YES;
				CLANG_WARN_NON_LITERAL_NULL_CONVERSION = YES;
				CLANG_WARN_OBJC_IMPLICIT_RETAIN_SELF = YES;
				CLANG_WARN_OBJC_LITERAL_CONVERSION = YES;
				CLANG_WARN_OBJC_ROOT_CLASS = YES_ERROR;
				CLANG_WARN_QUOTED_INCLUDE_IN_FRAMEWORK_HEADER = YES;
				CLANG_WARN_RANGE_LOOP_ANALYSIS = YES;
				CLANG_WARN_STRICT_PROTOTYPES = YES;
				CLANG_WARN_SUSPICIOUS_MOVE = YES;
				CLANG_WARN_UNGUARDED_AVAILABILITY = YES_AGGRESSIVE;
				CLANG_WARN_UNREACHABLE_CODE = YES;
				CLANG_WARN__DUPLICATE_METHOD_MATCH = YES;
				COPY_PHASE_STRIP = NO;
				DEBUG_INFORMATION_FORMAT = "dwarf-with-dsym";
				ENABLE_NS_ASSERTIONS = NO;
				ENABLE_STRICT_OBJC_MSGSEND = YES;
				GCC_C_LANGUAGE_STANDARD = gnu11;
				GCC_NO_COMMON_BLOCKS = YES;
				GCC_WARN_64_TO_32_BIT_CONVERSION = YES;
				GCC_WARN_ABOUT_RETURN_TYPE = YES_ERROR;
				GCC_WARN_UNDECLARED_SELECTOR = YES;
				GCC_WARN_UNINITIALIZED_AUTOS = YES_AGGRESSIVE;
				GCC_WARN_UNUSED_FUNCTION = YES;
				GCC_WARN_UNUSED_VARIABLE = YES;
				IPHONEOS_DEPLOYMENT_TARGET = 12.0;
				MTL_ENABLE_DEBUG_INFO = NO;
				MTL_FAST_MATH = YES;
				SDKROOT = iphoneos;
				SWIFT_COMPILATION_MODE = wholemodule;
				SWIFT_OPTIMIZATION_LEVEL = "-O";
				VALIDATE_PRODUCT = YES;
			};
			name = Release;
		};
		201885D925B563E500CAC69F /* Debug */ = {
			isa = XCBuildConfiguration;
			buildSettings = {
				ASSETCATALOG_COMPILER_APPICON_NAME = AppIcon;
				ASSETCATALOG_COMPILER_GLOBAL_ACCENT_COLOR_NAME = AccentColor;
				CODE_SIGN_STYLE = Automatic;
				INFOPLIST_FILE = SampleApp/Info.plist;
				LD_RUNPATH_SEARCH_PATHS = (
					"$(inherited)",
					"@executable_path/Frameworks",
				);
				PRODUCT_BUNDLE_IDENTIFIER = com.Pubmatic.SampleApp;
				PRODUCT_NAME = "$(TARGET_NAME)";
				SWIFT_OBJC_BRIDGING_HEADER = "SampleApp-Bridging-Header.h";
				SWIFT_VERSION = 5.0;
				TARGETED_DEVICE_FAMILY = "1,2";
			};
			name = Debug;
		};
		201885DA25B563E500CAC69F /* Release */ = {
			isa = XCBuildConfiguration;
			buildSettings = {
				ASSETCATALOG_COMPILER_APPICON_NAME = AppIcon;
				ASSETCATALOG_COMPILER_GLOBAL_ACCENT_COLOR_NAME = AccentColor;
				CODE_SIGN_STYLE = Automatic;
				INFOPLIST_FILE = SampleApp/Info.plist;
				LD_RUNPATH_SEARCH_PATHS = (
					"$(inherited)",
					"@executable_path/Frameworks",
				);
				PRODUCT_BUNDLE_IDENTIFIER = com.Pubmatic.SampleApp;
				PRODUCT_NAME = "$(TARGET_NAME)";
				SWIFT_OBJC_BRIDGING_HEADER = "SampleApp-Bridging-Header.h";
				SWIFT_VERSION = 5.0;
				TARGETED_DEVICE_FAMILY = "1,2";
			};
			name = Release;
		};
/* End XCBuildConfiguration section */

/* Begin XCConfigurationList section */
		201885BF25B563E000CAC69F /* Build configuration list for PBXProject "SampleApp" */ = {
			isa = XCConfigurationList;
			buildConfigurations = (
				201885D625B563E500CAC69F /* Debug */,
				201885D725B563E500CAC69F /* Release */,
			);
			defaultConfigurationIsVisible = 0;
			defaultConfigurationName = Release;
		};
		201885D825B563E500CAC69F /* Build configuration list for PBXNativeTarget "SampleApp" */ = {
			isa = XCConfigurationList;
			buildConfigurations = (
				201885D925B563E500CAC69F /* Debug */,
				201885DA25B563E500CAC69F /* Release */,
			);
			defaultConfigurationIsVisible = 0;
			defaultConfigurationName = Release;
		};
/* End XCConfigurationList section */
	};
	rootObject = 201885BC25B563E000CAC69F /* Project object */;
}
