// !$*UTF8*$!
{
	archiveVersion = 1;
	classes = {
	};
	objectVersion = 51;
	objects = {

/* Begin PBXBuildFile section */
		20E6BDDB242878DF00B90FE5 /* AppDelegate.swift in Sources */ = {isa = PBXBuildFile; fileRef = 20E6BDDA242878DF00B90FE5 /* AppDelegate.swift */; };
		20E6BDDD242878DF00B90FE5 /* SceneDelegate.swift in Sources */ = {isa = PBXBuildFile; fileRef = 20E6BDDC242878DF00B90FE5 /* SceneDelegate.swift */; };
		20E6BDE2242878DF00B90FE5 /* Main.storyboard in Resources */ = {isa = PBXBuildFile; fileRef = 20E6BDE0242878DF00B90FE5 /* Main.storyboard */; };
		20E6BDE4242878E200B90FE5 /* Assets.xcassets in Resources */ = {isa = PBXBuildFile; fileRef = 20E6BDE3242878E200B90FE5 /* Assets.xcassets */; };
		20E6BDE7242878E200B90FE5 /* LaunchScreen.storyboard in Resources */ = {isa = PBXBuildFile; fileRef = 20E6BDE5242878E200B90FE5 /* LaunchScreen.storyboard */; };
		20E6BDF224287A4A00B90FE5 /* BannerViewController.swift in Sources */ = {isa = PBXBuildFile; fileRef = 20E6BDF124287A4A00B90FE5 /* BannerViewController.swift */; };
		20E6BDF424287A5A00B90FE5 /* InterstitialViewController.swift in Sources */ = {isa = PBXBuildFile; fileRef = 20E6BDF324287A5A00B90FE5 /* InterstitialViewController.swift */; };
/* End PBXBuildFile section */

/* Begin PBXFileReference section */
		20AB73C624287F5600765269 /* SampleApp-Bridging-Header.h */ = {isa = PBXFileReference; lastKnownFileType = sourcecode.c.h; path = "SampleApp-Bridging-Header.h"; sourceTree = "<group>"; };
		20E6BDD7242878DE00B90FE5 /* SampleApp.app */ = {isa = PBXFileReference; explicitFileType = wrapper.application; includeInIndex = 0; path = SampleApp.app; sourceTree = BUILT_PRODUCTS_DIR; };
		20E6BDDA242878DF00B90FE5 /* AppDelegate.swift */ = {isa = PBXFileReference; lastKnownFileType = sourcecode.swift; path = AppDelegate.swift; sourceTree = "<group>"; };
		20E6BDDC242878DF00B90FE5 /* SceneDelegate.swift */ = {isa = PBXFileReference; lastKnownFileType = sourcecode.swift; path = SceneDelegate.swift; sourceTree = "<group>"; };
		20E6BDE1242878DF00B90FE5 /* Base */ = {isa = PBXFileReference; lastKnownFileType = file.storyboard; name = Base; path = Base.lproj/Main.storyboard; sourceTree = "<group>"; };
		20E6BDE3242878E200B90FE5 /* Assets.xcassets */ = {isa = PBXFileReference; lastKnownFileType = folder.assetcatalog; path = Assets.xcassets; sourceTree = "<group>"; };
		20E6BDE6242878E200B90FE5 /* Base */ = {isa = PBXFileReference; lastKnownFileType = file.storyboard; name = Base; path = Base.lproj/LaunchScreen.storyboard; sourceTree = "<group>"; };
		20E6BDE8242878E200B90FE5 /* Info.plist */ = {isa = PBXFileReference; lastKnownFileType = text.plist.xml; path = Info.plist; sourceTree = "<group>"; };
		20E6BDF124287A4A00B90FE5 /* BannerViewController.swift */ = {isa = PBXFileReference; lastKnownFileType = sourcecode.swift; path = BannerViewController.swift; sourceTree = "<group>"; };
		20E6BDF324287A5A00B90FE5 /* InterstitialViewController.swift */ = {isa = PBXFileReference; lastKnownFileType = sourcecode.swift; path = InterstitialViewController.swift; sourceTree = "<group>"; };
/* End PBXFileReference section */

/* Begin PBXFrameworksBuildPhase section */
		20E6BDD4242878DE00B90FE5 /* Frameworks */ = {
			isa = PBXFrameworksBuildPhase;
			buildActionMask = 2147483647;
			files = (
			);
			runOnlyForDeploymentPostprocessing = 0;
		};
/* End PBXFrameworksBuildPhase section */

/* Begin PBXGroup section */
		20E6BDCE242878DE00B90FE5 = {
			isa = PBXGroup;
			children = (
				20E6BDD9242878DE00B90FE5 /* SampleApp */,
				20E6BDD8242878DE00B90FE5 /* Products */,
				B5970D24F006FAA04D66296A /* Pods */,
			);
			sourceTree = "<group>";
		};
		20E6BDD8242878DE00B90FE5 /* Products */ = {
			isa = PBXGroup;
			children = (
				20E6BDD7242878DE00B90FE5 /* SampleApp.app */,
			);
			name = Products;
			sourceTree = "<group>";
		};
		20E6BDD9242878DE00B90FE5 /* SampleApp */ = {
			isa = PBXGroup;
			children = (
				20E6BDEE242879FC00B90FE5 /* Viewcontrollers */,
				20E6BDDA242878DF00B90FE5 /* AppDelegate.swift */,
				20E6BDDC242878DF00B90FE5 /* SceneDelegate.swift */,
				20E6BDE0242878DF00B90FE5 /* Main.storyboard */,
				20E6BDE3242878E200B90FE5 /* Assets.xcassets */,
				20E6BDE5242878E200B90FE5 /* LaunchScreen.storyboard */,
				20E6BDE8242878E200B90FE5 /* Info.plist */,
				20AB73C624287F5600765269 /* SampleApp-Bridging-Header.h */,
			);
			path = SampleApp;
			sourceTree = "<group>";
		};
		20E6BDEE242879FC00B90FE5 /* Viewcontrollers */ = {
			isa = PBXGroup;
			children = (
				20E6BDF024287A1300B90FE5 /* Banner */,
				20E6BDEF24287A0A00B90FE5 /* Interstitial */,
			);
			path = Viewcontrollers;
			sourceTree = "<group>";
		};
		20E6BDEF24287A0A00B90FE5 /* Interstitial */ = {
			isa = PBXGroup;
			children = (
				20E6BDF324287A5A00B90FE5 /* InterstitialViewController.swift */,
			);
			path = Interstitial;
			sourceTree = "<group>";
		};
		20E6BDF024287A1300B90FE5 /* Banner */ = {
			isa = PBXGroup;
			children = (
				20E6BDF124287A4A00B90FE5 /* BannerViewController.swift */,
			);
			path = Banner;
			sourceTree = "<group>";
		};
		B5970D24F006FAA04D66296A /* Pods */ = {
			isa = PBXGroup;
			children = (
			);
			path = Pods;
			sourceTree = "<group>";
		};
/* End PBXGroup section */

/* Begin PBXNativeTarget section */
		20E6BDD6242878DE00B90FE5 /* SampleApp */ = {
			isa = PBXNativeTarget;
			buildConfigurationList = 20E6BDEB242878E200B90FE5 /* Build configuration list for PBXNativeTarget "SampleApp" */;
			buildPhases = (
				20E6BDD3242878DE00B90FE5 /* Sources */,
				20E6BDD4242878DE00B90FE5 /* Frameworks */,
				20E6BDD5242878DE00B90FE5 /* Resources */,
			);
			buildRules = (
			);
			dependencies = (
			);
			name = SampleApp;
			productName = SampleApp;
			productReference = 20E6BDD7242878DE00B90FE5 /* SampleApp.app */;
			productType = "com.apple.product-type.application";
		};
/* End PBXNativeTarget section */

/* Begin PBXProject section */
		20E6BDCF242878DE00B90FE5 /* Project object */ = {
			isa = PBXProject;
			attributes = {
				LastSwiftUpdateCheck = 1130;
				LastUpgradeCheck = 1130;
				ORGANIZATIONNAME = Sneha;
				TargetAttributes = {
					20E6BDD6242878DE00B90FE5 = {
						CreatedOnToolsVersion = 11.3.1;
					};
				};
			};
			buildConfigurationList = 20E6BDD2242878DE00B90FE5 /* Build configuration list for PBXProject "SampleApp" */;
			compatibilityVersion = "Xcode 9.3";
			developmentRegion = en;
			hasScannedForEncodings = 0;
			knownRegions = (
				en,
				Base,
			);
			mainGroup = 20E6BDCE242878DE00B90FE5;
			productRefGroup = 20E6BDD8242878DE00B90FE5 /* Products */;
			projectDirPath = "";
			projectRoot = "";
			targets = (
				20E6BDD6242878DE00B90FE5 /* SampleApp */,
			);
		};
/* End PBXProject section */

/* Begin PBXResourcesBuildPhase section */
		20E6BDD5242878DE00B90FE5 /* Resources */ = {
			isa = PBXResourcesBuildPhase;
			buildActionMask = 2147483647;
			files = (
				20E6BDE7242878E200B90FE5 /* LaunchScreen.storyboard in Resources */,
				20E6BDE4242878E200B90FE5 /* Assets.xcassets in Resources */,
				20E6BDE2242878DF00B90FE5 /* Main.storyboard in Resources */,
			);
			runOnlyForDeploymentPostprocessing = 0;
		};
/* End PBXResourcesBuildPhase section */

/* Begin PBXSourcesBuildPhase section */
		20E6BDD3242878DE00B90FE5 /* Sources */ = {
			isa = PBXSourcesBuildPhase;
			buildActionMask = 2147483647;
			files = (
				20E6BDDB242878DF00B90FE5 /* AppDelegate.swift in Sources */,
				20E6BDF224287A4A00B90FE5 /* BannerViewController.swift in Sources */,
				20E6BDDD242878DF00B90FE5 /* SceneDelegate.swift in Sources */,
				20E6BDF424287A5A00B90FE5 /* InterstitialViewController.swift in Sources */,
			);
			runOnlyForDeploymentPostprocessing = 0;
		};
/* End PBXSourcesBuildPhase section */

/* Begin PBXVariantGroup section */
		20E6BDE0242878DF00B90FE5 /* Main.storyboard */ = {
			isa = PBXVariantGroup;
			children = (
				20E6BDE1242878DF00B90FE5 /* Base */,
			);
			name = Main.storyboard;
			sourceTree = "<group>";
		};
		20E6BDE5242878E200B90FE5 /* LaunchScreen.storyboard */ = {
			isa = PBXVariantGroup;
			children = (
				20E6BDE6242878E200B90FE5 /* Base */,
			);
			name = LaunchScreen.storyboard;
			sourceTree = "<group>";
		};
/* End PBXVariantGroup section */

/* Begin XCBuildConfiguration section */
		20E6BDE9242878E200B90FE5 /* Debug */ = {
			isa = XCBuildConfiguration;
			buildSettings = {
				ALWAYS_SEARCH_USER_PATHS = NO;
				CLANG_ANALYZER_NONNULL = YES;
				CLANG_ANALYZER_NUMBER_OBJECT_CONVERSION = YES_AGGRESSIVE;
				CLANG_CXX_LANGUAGE_STANDARD = "gnu++14";
				CLANG_CXX_LIBRARY = "libc++";
				CLANG_ENABLE_MODULES = YES;
				CLANG_ENABLE_OBJC_ARC = YES;
				CLANG_ENABLE_OBJC_WEAK = YES;
				CLANG_WARN_BLOCK_CAPTURE_AUTORELEASING = YES;
				CLANG_WARN_BOOL_CONVERSION = YES;
				CLANG_WARN_COMMA = YES;
				CLANG_WARN_CONSTANT_CONVERSION = YES;
				CLANG_WARN_DEPRECATED_OBJC_IMPLEMENTATIONS = YES;
				CLANG_WARN_DIRECT_OBJC_ISA_USAGE = YES_ERROR;
				CLANG_WARN_DOCUMENTATION_COMMENTS = YES;
				CLANG_WARN_EMPTY_BODY = YES;
				CLANG_WARN_ENUM_CONVERSION = YES;
				CLANG_WARN_INFINITE_RECURSION = YES;
				CLANG_WARN_INT_CONVERSION = YES;
				CLANG_WARN_NON_LITERAL_NULL_CONVERSION = YES;
				CLANG_WARN_OBJC_IMPLICIT_RETAIN_SELF = YES;
				CLANG_WARN_OBJC_LITERAL_CONVERSION = YES;
				CLANG_WARN_OBJC_ROOT_CLASS = YES_ERROR;
				CLANG_WARN_RANGE_LOOP_ANALYSIS = YES;
				CLANG_WARN_STRICT_PROTOTYPES = YES;
				CLANG_WARN_SUSPICIOUS_MOVE = YES;
				CLANG_WARN_UNGUARDED_AVAILABILITY = YES_AGGRESSIVE;
				CLANG_WARN_UNREACHABLE_CODE = YES;
				CLANG_WARN__DUPLICATE_METHOD_MATCH = YES;
				COPY_PHASE_STRIP = NO;
				DEBUG_INFORMATION_FORMAT = dwarf;
				ENABLE_STRICT_OBJC_MSGSEND = YES;
				ENABLE_TESTABILITY = YES;
				GCC_C_LANGUAGE_STANDARD = gnu11;
				GCC_DYNAMIC_NO_PIC = NO;
				GCC_NO_COMMON_BLOCKS = YES;
				GCC_OPTIMIZATION_LEVEL = 0;
				GCC_PREPROCESSOR_DEFINITIONS = (
					"DEBUG=1",
					"$(inherited)",
				);
				GCC_WARN_64_TO_32_BIT_CONVERSION = YES;
				GCC_WARN_ABOUT_RETURN_TYPE = YES_ERROR;
				GCC_WARN_UNDECLARED_SELECTOR = YES;
				GCC_WARN_UNINITIALIZED_AUTOS = YES_AGGRESSIVE;
				GCC_WARN_UNUSED_FUNCTION = YES;
				GCC_WARN_UNUSED_VARIABLE = YES;
				IPHONEOS_DEPLOYMENT_TARGET = 10.0;
				MTL_ENABLE_DEBUG_INFO = INCLUDE_SOURCE;
				MTL_FAST_MATH = YES;
				ONLY_ACTIVE_ARCH = YES;
				SDKROOT = iphoneos;
				SWIFT_ACTIVE_COMPILATION_CONDITIONS = DEBUG;
				SWIFT_OPTIMIZATION_LEVEL = "-Onone";
			};
			name = Debug;
		};
		20E6BDEA242878E200B90FE5 /* Release */ = {
			isa = XCBuildConfiguration;
			buildSettings = {
				ALWAYS_SEARCH_USER_PATHS = NO;
				CLANG_ANALYZER_NONNULL = YES;
				CLANG_ANALYZER_NUMBER_OBJECT_CONVERSION = YES_AGGRESSIVE;
				CLANG_CXX_LANGUAGE_STANDARD = "gnu++14";
				CLANG_CXX_LIBRARY = "libc++";
				CLANG_ENABLE_MODULES = YES;
				CLANG_ENABLE_OBJC_ARC = YES;
				CLANG_ENABLE_OBJC_WEAK = YES;
				CLANG_WARN_BLOCK_CAPTURE_AUTORELEASING = YES;
				CLANG_WARN_BOOL_CONVERSION = YES;
				CLANG_WARN_COMMA = YES;
				CLANG_WARN_CONSTANT_CONVERSION = YES;
				CLANG_WARN_DEPRECATED_OBJC_IMPLEMENTATIONS = YES;
				CLANG_WARN_DIRECT_OBJC_ISA_USAGE = YES_ERROR;
				CLANG_WARN_DOCUMENTATION_COMMENTS = YES;
				CLANG_WARN_EMPTY_BODY = YES;
				CLANG_WARN_ENUM_CONVERSION = YES;
				CLANG_WARN_INFINITE_RECURSION = YES;
				CLANG_WARN_INT_CONVERSION = YES;
				CLANG_WARN_NON_LITERAL_NULL_CONVERSION = YES;
				CLANG_WARN_OBJC_IMPLICIT_RETAIN_SELF = YES;
				CLANG_WARN_OBJC_LITERAL_CONVERSION = YES;
				CLANG_WARN_OBJC_ROOT_CLASS = YES_ERROR;
				CLANG_WARN_RANGE_LOOP_ANALYSIS = YES;
				CLANG_WARN_STRICT_PROTOTYPES = YES;
				CLANG_WARN_SUSPICIOUS_MOVE = YES;
				CLANG_WARN_UNGUARDED_AVAILABILITY = YES_AGGRESSIVE;
				CLANG_WARN_UNREACHABLE_CODE = YES;
				CLANG_WARN__DUPLICATE_METHOD_MATCH = YES;
				COPY_PHASE_STRIP = NO;
				DEBUG_INFORMATION_FORMAT = "dwarf-with-dsym";
				ENABLE_NS_ASSERTIONS = NO;
				ENABLE_STRICT_OBJC_MSGSEND = YES;
				GCC_C_LANGUAGE_STANDARD = gnu11;
				GCC_NO_COMMON_BLOCKS = YES;
				GCC_WARN_64_TO_32_BIT_CONVERSION = YES;
				GCC_WARN_ABOUT_RETURN_TYPE = YES_ERROR;
				GCC_WARN_UNDECLARED_SELECTOR = YES;
				GCC_WARN_UNINITIALIZED_AUTOS = YES_AGGRESSIVE;
				GCC_WARN_UNUSED_FUNCTION = YES;
				GCC_WARN_UNUSED_VARIABLE = YES;
				IPHONEOS_DEPLOYMENT_TARGET = 10.0;
				MTL_ENABLE_DEBUG_INFO = NO;
				MTL_FAST_MATH = YES;
				SDKROOT = iphoneos;
				SWIFT_COMPILATION_MODE = wholemodule;
				SWIFT_OPTIMIZATION_LEVEL = "-O";
				VALIDATE_PRODUCT = YES;
			};
			name = Release;
		};
		20E6BDEC242878E200B90FE5 /* Debug */ = {
			isa = XCBuildConfiguration;
			buildSettings = {
				ASSETCATALOG_COMPILER_APPICON_NAME = AppIcon;
				CODE_SIGN_STYLE = Automatic;
				INFOPLIST_FILE = SampleApp/Info.plist;
				IPHONEOS_DEPLOYMENT_TARGET = 9.0;
				LD_RUNPATH_SEARCH_PATHS = (
					"$(inherited)",
					"@executable_path/Frameworks",
				);
				PRODUCT_BUNDLE_IDENTIFIER = com.Pubmatic.SampleApp;
				PRODUCT_NAME = "$(TARGET_NAME)";
				SWIFT_OBJC_BRIDGING_HEADER = "SampleApp/SampleApp-Bridging-Header.h";
				SWIFT_VERSION = 5.0;
				TARGETED_DEVICE_FAMILY = "1,2";
			};
			name = Debug;
		};
		20E6BDED242878E200B90FE5 /* Release */ = {
			isa = XCBuildConfiguration;
			buildSettings = {
				ASSETCATALOG_COMPILER_APPICON_NAME = AppIcon;
				CODE_SIGN_STYLE = Automatic;
				INFOPLIST_FILE = SampleApp/Info.plist;
				IPHONEOS_DEPLOYMENT_TARGET = 9.0;
				LD_RUNPATH_SEARCH_PATHS = (
					"$(inherited)",
					"@executable_path/Frameworks",
				);
				PRODUCT_BUNDLE_IDENTIFIER = com.Pubmatic.SampleApp;
				PRODUCT_NAME = "$(TARGET_NAME)";
				SWIFT_OBJC_BRIDGING_HEADER = "SampleApp/SampleApp-Bridging-Header.h";
				SWIFT_VERSION = 5.0;
				TARGETED_DEVICE_FAMILY = "1,2";
			};
			name = Release;
		};
/* End XCBuildConfiguration section */

/* Begin XCConfigurationList section */
		20E6BDD2242878DE00B90FE5 /* Build configuration list for PBXProject "SampleApp" */ = {
			isa = XCConfigurationList;
			buildConfigurations = (
				20E6BDE9242878E200B90FE5 /* Debug */,
				20E6BDEA242878E200B90FE5 /* Release */,
			);
			defaultConfigurationIsVisible = 0;
			defaultConfigurationName = Release;
		};
		20E6BDEB242878E200B90FE5 /* Build configuration list for PBXNativeTarget "SampleApp" */ = {
			isa = XCConfigurationList;
			buildConfigurations = (
				20E6BDEC242878E200B90FE5 /* Debug */,
				20E6BDED242878E200B90FE5 /* Release */,
			);
			defaultConfigurationIsVisible = 0;
			defaultConfigurationName = Release;
		};
/* End XCConfigurationList section */
	};
	rootObject = 20E6BDCF242878DE00B90FE5 /* Project object */;
}
