// !$*UTF8*$!
{
	archiveVersion = 1;
	classes = {
	};
	objectVersion = 46;
	objects = {

/* Begin PBXBuildFile section */
		24BBBD5E8E4238BA80A9735C /* libPods-SampleApp.a in Frameworks */ = {isa = PBXBuildFile; fileRef = E74483EAB72F4527C2B9E61B /* libPods-SampleApp.a */; };
		3E7AF7F021CA537300C31F40 /* DFPBannerEventHandler.m in Sources */ = {isa = PBXBuildFile; fileRef = 3E7AF7EF21CA537300C31F40 /* DFPBannerEventHandler.m */; };
		3E7AF7F321CA537900C31F40 /* DFPInterstitialEventHandler.m in Sources */ = {isa = PBXBuildFile; fileRef = 3E7AF7F121CA537900C31F40 /* DFPInterstitialEventHandler.m */; };
		3E7AF7F621CA538300C31F40 /* BannerViewController.m in Sources */ = {isa = PBXBuildFile; fileRef = 3E7AF7F421CA538300C31F40 /* BannerViewController.m */; };
		3E7AF7F921CA538A00C31F40 /* InsterstitialViewController.m in Sources */ = {isa = PBXBuildFile; fileRef = 3E7AF7F721CA538900C31F40 /* InsterstitialViewController.m */; };
		E600238E1DC0B03300833CDB /* main.m in Sources */ = {isa = PBXBuildFile; fileRef = E600238D1DC0B03300833CDB /* main.m */; };
		E60023971DC0B03300833CDB /* Main.storyboard in Resources */ = {isa = PBXBuildFile; fileRef = E60023951DC0B03300833CDB /* Main.storyboard */; };
		E60023991DC0B03300833CDB /* Assets.xcassets in Resources */ = {isa = PBXBuildFile; fileRef = E60023981DC0B03300833CDB /* Assets.xcassets */; };
		E600239C1DC0B03300833CDB /* LaunchScreen.storyboard in Resources */ = {isa = PBXBuildFile; fileRef = E600239A1DC0B03300833CDB /* LaunchScreen.storyboard */; };
		E60023C61DC1CB8200833CDB /* AppDelegate.m in Sources */ = {isa = PBXBuildFile; fileRef = E60023C11DC1CB8200833CDB /* AppDelegate.m */; };
/* End PBXBuildFile section */

/* Begin PBXFileReference section */
		3E7AF7EE21CA537300C31F40 /* DFPBannerEventHandler.h */ = {isa = PBXFileReference; fileEncoding = 4; lastKnownFileType = sourcecode.c.h; path = DFPBannerEventHandler.h; sourceTree = "<group>"; };
		3E7AF7EF21CA537300C31F40 /* DFPBannerEventHandler.m */ = {isa = PBXFileReference; fileEncoding = 4; lastKnownFileType = sourcecode.c.objc; path = DFPBannerEventHandler.m; sourceTree = "<group>"; };
		3E7AF7F121CA537900C31F40 /* DFPInterstitialEventHandler.m */ = {isa = PBXFileReference; fileEncoding = 4; lastKnownFileType = sourcecode.c.objc; path = DFPInterstitialEventHandler.m; sourceTree = "<group>"; };
		3E7AF7F221CA537900C31F40 /* DFPInterstitialEventHandler.h */ = {isa = PBXFileReference; fileEncoding = 4; lastKnownFileType = sourcecode.c.h; path = DFPInterstitialEventHandler.h; sourceTree = "<group>"; };
		3E7AF7F421CA538300C31F40 /* BannerViewController.m */ = {isa = PBXFileReference; fileEncoding = 4; lastKnownFileType = sourcecode.c.objc; path = BannerViewController.m; sourceTree = "<group>"; };
		3E7AF7F521CA538300C31F40 /* BannerViewController.h */ = {isa = PBXFileReference; fileEncoding = 4; lastKnownFileType = sourcecode.c.h; path = BannerViewController.h; sourceTree = "<group>"; };
		3E7AF7F721CA538900C31F40 /* InsterstitialViewController.m */ = {isa = PBXFileReference; fileEncoding = 4; lastKnownFileType = sourcecode.c.objc; path = InsterstitialViewController.m; sourceTree = "<group>"; };
		3E7AF7F821CA538A00C31F40 /* InsterstitialViewController.h */ = {isa = PBXFileReference; fileEncoding = 4; lastKnownFileType = sourcecode.c.h; path = InsterstitialViewController.h; sourceTree = "<group>"; };
		B7A2A26E1BEFE3254E4BC730 /* Pods-SampleApp.release.xcconfig */ = {isa = PBXFileReference; includeInIndex = 1; lastKnownFileType = text.xcconfig; name = "Pods-SampleApp.release.xcconfig"; path = "Pods/Target Support Files/Pods-SampleApp/Pods-SampleApp.release.xcconfig"; sourceTree = "<group>"; };
		E3705C508332EC8A0BEDADC8 /* Pods-SampleApp.debug.xcconfig */ = {isa = PBXFileReference; includeInIndex = 1; lastKnownFileType = text.xcconfig; name = "Pods-SampleApp.debug.xcconfig"; path = "Pods/Target Support Files/Pods-SampleApp/Pods-SampleApp.debug.xcconfig"; sourceTree = "<group>"; };
		E60023891DC0B03300833CDB /* SampleApp.app */ = {isa = PBXFileReference; explicitFileType = wrapper.application; includeInIndex = 0; path = SampleApp.app; sourceTree = BUILT_PRODUCTS_DIR; };
		E600238D1DC0B03300833CDB /* main.m */ = {isa = PBXFileReference; lastKnownFileType = sourcecode.c.objc; path = main.m; sourceTree = "<group>"; };
		E60023961DC0B03300833CDB /* Base */ = {isa = PBXFileReference; lastKnownFileType = file.storyboard; name = Base; path = Base.lproj/Main.storyboard; sourceTree = "<group>"; };
		E60023981DC0B03300833CDB /* Assets.xcassets */ = {isa = PBXFileReference; lastKnownFileType = folder.assetcatalog; path = Assets.xcassets; sourceTree = "<group>"; };
		E600239B1DC0B03300833CDB /* Base */ = {isa = PBXFileReference; lastKnownFileType = file.storyboard; name = Base; path = Base.lproj/LaunchScreen.storyboard; sourceTree = "<group>"; };
		E600239D1DC0B03300833CDB /* Info.plist */ = {isa = PBXFileReference; lastKnownFileType = text.plist.xml; path = Info.plist; sourceTree = "<group>"; };
		E60023C01DC1CB8200833CDB /* AppDelegate.h */ = {isa = PBXFileReference; fileEncoding = 4; lastKnownFileType = sourcecode.c.h; path = AppDelegate.h; sourceTree = "<group>"; };
		E60023C11DC1CB8200833CDB /* AppDelegate.m */ = {isa = PBXFileReference; fileEncoding = 4; lastKnownFileType = sourcecode.c.objc; path = AppDelegate.m; sourceTree = "<group>"; };
		E74483EAB72F4527C2B9E61B /* libPods-SampleApp.a */ = {isa = PBXFileReference; explicitFileType = archive.ar; includeInIndex = 0; path = "libPods-SampleApp.a"; sourceTree = BUILT_PRODUCTS_DIR; };
		FBD14525BF275FC9328B84C6 /* libPods-SampleAppTests.a */ = {isa = PBXFileReference; explicitFileType = archive.ar; includeInIndex = 0; path = "libPods-SampleAppTests.a"; sourceTree = BUILT_PRODUCTS_DIR; };
/* End PBXFileReference section */

/* Begin PBXFrameworksBuildPhase section */
		E60023861DC0B03300833CDB /* Frameworks */ = {
			isa = PBXFrameworksBuildPhase;
			buildActionMask = 2147483647;
			files = (
				24BBBD5E8E4238BA80A9735C /* libPods-SampleApp.a in Frameworks */,
			);
			runOnlyForDeploymentPostprocessing = 0;
		};
/* End PBXFrameworksBuildPhase section */

/* Begin PBXGroup section */
		3E7AF7E121CA528E00C31F40 /* EventHandlers */ = {
			isa = PBXGroup;
			children = (
				3E7AF7E221CA529400C31F40 /* DFP */,
			);
			path = EventHandlers;
			sourceTree = "<group>";
		};
		3E7AF7E221CA529400C31F40 /* DFP */ = {
			isa = PBXGroup;
			children = (
				3E7AF7E721CA52C100C31F40 /* Banner */,
				3E7AF7E621CA52BB00C31F40 /* Interstitial */,
			);
			path = DFP;
			sourceTree = "<group>";
		};
		3E7AF7E621CA52BB00C31F40 /* Interstitial */ = {
			isa = PBXGroup;
			children = (
				3E7AF7F221CA537900C31F40 /* DFPInterstitialEventHandler.h */,
				3E7AF7F121CA537900C31F40 /* DFPInterstitialEventHandler.m */,
			);
			path = Interstitial;
			sourceTree = "<group>";
		};
		3E7AF7E721CA52C100C31F40 /* Banner */ = {
			isa = PBXGroup;
			children = (
				3E7AF7EE21CA537300C31F40 /* DFPBannerEventHandler.h */,
				3E7AF7EF21CA537300C31F40 /* DFPBannerEventHandler.m */,
			);
			path = Banner;
			sourceTree = "<group>";
		};
		3E7AF7E821CA52D100C31F40 /* DFP */ = {
			isa = PBXGroup;
			children = (
				3E7AF7EA21CA52DE00C31F40 /* Banner */,
				3E7AF7E921CA52D600C31F40 /* Interstitial */,
			);
			path = DFP;
			sourceTree = "<group>";
		};
		3E7AF7E921CA52D600C31F40 /* Interstitial */ = {
			isa = PBXGroup;
			children = (
				3E7AF7F821CA538A00C31F40 /* InsterstitialViewController.h */,
				3E7AF7F721CA538900C31F40 /* InsterstitialViewController.m */,
			);
			path = Interstitial;
			sourceTree = "<group>";
		};
		3E7AF7EA21CA52DE00C31F40 /* Banner */ = {
			isa = PBXGroup;
			children = (
				3E7AF7F521CA538300C31F40 /* BannerViewController.h */,
				3E7AF7F421CA538300C31F40 /* BannerViewController.m */,
			);
			path = Banner;
			sourceTree = "<group>";
		};
		B7B0F6C5C65E456F9C414E6C /* Frameworks */ = {
			isa = PBXGroup;
			children = (
				E74483EAB72F4527C2B9E61B /* libPods-SampleApp.a */,
				FBD14525BF275FC9328B84C6 /* libPods-SampleAppTests.a */,
			);
			name = Frameworks;
			sourceTree = "<group>";
		};
		DE217E00597580F6D352867B /* Pods */ = {
			isa = PBXGroup;
			children = (
				E3705C508332EC8A0BEDADC8 /* Pods-SampleApp.debug.xcconfig */,
				B7A2A26E1BEFE3254E4BC730 /* Pods-SampleApp.release.xcconfig */,
			);
			name = Pods;
			sourceTree = "<group>";
		};
		E60023801DC0B03300833CDB = {
			isa = PBXGroup;
			children = (
				E600238B1DC0B03300833CDB /* SampleApp */,
				E600238A1DC0B03300833CDB /* Products */,
				DE217E00597580F6D352867B /* Pods */,
				B7B0F6C5C65E456F9C414E6C /* Frameworks */,
			);
			sourceTree = "<group>";
		};
		E600238A1DC0B03300833CDB /* Products */ = {
			isa = PBXGroup;
			children = (
				E60023891DC0B03300833CDB /* SampleApp.app */,
			);
			name = Products;
			sourceTree = "<group>";
		};
		E600238B1DC0B03300833CDB /* SampleApp */ = {
			isa = PBXGroup;
			children = (
				3E7AF7E121CA528E00C31F40 /* EventHandlers */,
				E60023BF1DC1CB8200833CDB /* Appdelegate */,
				E60023C31DC1CB8200833CDB /* Viewcontrollers */,
				E60023BE1DC1CB6E00833CDB /* Resources */,
				E600238C1DC0B03300833CDB /* Supporting Files */,
			);
			path = SampleApp;
			sourceTree = "<group>";
		};
		E600238C1DC0B03300833CDB /* Supporting Files */ = {
			isa = PBXGroup;
			children = (
				E600238D1DC0B03300833CDB /* main.m */,
			);
			name = "Supporting Files";
			sourceTree = "<group>";
		};
		E60023BE1DC1CB6E00833CDB /* Resources */ = {
			isa = PBXGroup;
			children = (
				E60023951DC0B03300833CDB /* Main.storyboard */,
				E60023981DC0B03300833CDB /* Assets.xcassets */,
				E600239A1DC0B03300833CDB /* LaunchScreen.storyboard */,
				E600239D1DC0B03300833CDB /* Info.plist */,
			);
			name = Resources;
			sourceTree = "<group>";
		};
		E60023BF1DC1CB8200833CDB /* Appdelegate */ = {
			isa = PBXGroup;
			children = (
				E60023C01DC1CB8200833CDB /* AppDelegate.h */,
				E60023C11DC1CB8200833CDB /* AppDelegate.m */,
			);
			path = Appdelegate;
			sourceTree = "<group>";
		};
		E60023C31DC1CB8200833CDB /* Viewcontrollers */ = {
			isa = PBXGroup;
			children = (
				3E7AF7E821CA52D100C31F40 /* DFP */,
			);
			path = Viewcontrollers;
			sourceTree = "<group>";
		};
/* End PBXGroup section */

/* Begin PBXNativeTarget section */
		E60023881DC0B03300833CDB /* SampleApp */ = {
			isa = PBXNativeTarget;
			buildConfigurationList = E60023AB1DC0B03400833CDB /* Build configuration list for PBXNativeTarget "SampleApp" */;
			buildPhases = (
				217AFA15F747680A9592A9D8 /* [CP] Check Pods Manifest.lock */,
				E60023851DC0B03300833CDB /* Sources */,
				E60023861DC0B03300833CDB /* Frameworks */,
				E60023871DC0B03300833CDB /* Resources */,
				8BC502DEF780AC21EFB038E9 /* [CP] Copy Pods Resources */,
			);
			buildRules = (
			);
			dependencies = (
			);
			name = SampleApp;
			productName = HeaderBiddingSampleApp;
			productReference = E60023891DC0B03300833CDB /* SampleApp.app */;
			productType = "com.apple.product-type.application";
		};
/* End PBXNativeTarget section */

/* Begin PBXProject section */
		E60023811DC0B03300833CDB /* Project object */ = {
			isa = PBXProject;
			attributes = {
				LastUpgradeCheck = 0940;
				ORGANIZATIONNAME = PubMatic;
				TargetAttributes = {
					E60023881DC0B03300833CDB = {
						CreatedOnToolsVersion = 8.0;
						DevelopmentTeam = K674QKEVPS;
						ProvisioningStyle = Manual;
					};
				};
			};
			buildConfigurationList = E60023841DC0B03300833CDB /* Build configuration list for PBXProject "SampleApp" */;
			compatibilityVersion = "Xcode 3.2";
			developmentRegion = English;
			hasScannedForEncodings = 0;
			knownRegions = (
				en,
				Base,
			);
			mainGroup = E60023801DC0B03300833CDB;
			productRefGroup = E600238A1DC0B03300833CDB /* Products */;
			projectDirPath = "";
			projectRoot = "";
			targets = (
				E60023881DC0B03300833CDB /* SampleApp */,
			);
		};
/* End PBXProject section */

/* Begin PBXResourcesBuildPhase section */
		E60023871DC0B03300833CDB /* Resources */ = {
			isa = PBXResourcesBuildPhase;
			buildActionMask = 2147483647;
			files = (
				E600239C1DC0B03300833CDB /* LaunchScreen.storyboard in Resources */,
				E60023991DC0B03300833CDB /* Assets.xcassets in Resources */,
				E60023971DC0B03300833CDB /* Main.storyboard in Resources */,
			);
			runOnlyForDeploymentPostprocessing = 0;
		};
/* End PBXResourcesBuildPhase section */

/* Begin PBXShellScriptBuildPhase section */
		217AFA15F747680A9592A9D8 /* [CP] Check Pods Manifest.lock */ = {
			isa = PBXShellScriptBuildPhase;
			buildActionMask = 2147483647;
			files = (
			);
			inputPaths = (
				"${PODS_PODFILE_DIR_PATH}/Podfile.lock",
				"${PODS_ROOT}/Manifest.lock",
			);
			name = "[CP] Check Pods Manifest.lock";
			outputPaths = (
				"$(DERIVED_FILE_DIR)/Pods-SampleApp-checkManifestLockResult.txt",
			);
			runOnlyForDeploymentPostprocessing = 0;
			shellPath = /bin/sh;
			shellScript = "diff \"${PODS_PODFILE_DIR_PATH}/Podfile.lock\" \"${PODS_ROOT}/Manifest.lock\" > /dev/null\nif [ $? != 0 ] ; then\n    # print error to STDERR\n    echo \"error: The sandbox is not in sync with the Podfile.lock. Run 'pod install' or update your CocoaPods installation.\" >&2\n    exit 1\nfi\n# This output is used by Xcode 'outputs' to avoid re-running this script phase.\necho \"SUCCESS\" > \"${SCRIPT_OUTPUT_FILE_0}\"\n";
			showEnvVarsInLog = 0;
		};
		8BC502DEF780AC21EFB038E9 /* [CP] Copy Pods Resources */ = {
			isa = PBXShellScriptBuildPhase;
			buildActionMask = 2147483647;
			files = (
			);
			inputPaths = (
				"${SRCROOT}/Pods/Target Support Files/Pods-SampleApp/Pods-SampleApp-resources.sh",
				"${PODS_ROOT}/../../../../../../PubMaticSDK/PubMaticSDK/Webrendering/Resources/pmmraid.js",
			);
			name = "[CP] Copy Pods Resources";
			outputPaths = (
				"${TARGET_BUILD_DIR}/${UNLOCALIZED_RESOURCES_FOLDER_PATH}/pmmraid.js",
			);
			runOnlyForDeploymentPostprocessing = 0;
			shellPath = /bin/sh;
			shellScript = "\"${SRCROOT}/Pods/Target Support Files/Pods-SampleApp/Pods-SampleApp-resources.sh\"\n";
			showEnvVarsInLog = 0;
		};
/* End PBXShellScriptBuildPhase section */

/* Begin PBXSourcesBuildPhase section */
		E60023851DC0B03300833CDB /* Sources */ = {
			isa = PBXSourcesBuildPhase;
			buildActionMask = 2147483647;
			files = (
				3E7AF7F621CA538300C31F40 /* BannerViewController.m in Sources */,
				3E7AF7F021CA537300C31F40 /* DFPBannerEventHandler.m in Sources */,
				3E7AF7F921CA538A00C31F40 /* InsterstitialViewController.m in Sources */,
				E60023C61DC1CB8200833CDB /* AppDelegate.m in Sources */,
				3E7AF7F321CA537900C31F40 /* DFPInterstitialEventHandler.m in Sources */,
				E600238E1DC0B03300833CDB /* main.m in Sources */,
			);
			runOnlyForDeploymentPostprocessing = 0;
		};
/* End PBXSourcesBuildPhase section */

/* Begin PBXVariantGroup section */
		E60023951DC0B03300833CDB /* Main.storyboard */ = {
			isa = PBXVariantGroup;
			children = (
				E60023961DC0B03300833CDB /* Base */,
			);
			name = Main.storyboard;
			sourceTree = "<group>";
		};
		E600239A1DC0B03300833CDB /* LaunchScreen.storyboard */ = {
			isa = PBXVariantGroup;
			children = (
				E600239B1DC0B03300833CDB /* Base */,
			);
			name = LaunchScreen.storyboard;
			sourceTree = "<group>";
		};
/* End PBXVariantGroup section */

/* Begin XCBuildConfiguration section */
		E60023A91DC0B03400833CDB /* Debug */ = {
			isa = XCBuildConfiguration;
			buildSettings = {
				ALWAYS_SEARCH_USER_PATHS = NO;
				CLANG_ANALYZER_NONNULL = YES;
				CLANG_CXX_LANGUAGE_STANDARD = "gnu++0x";
				CLANG_CXX_LIBRARY = "libc++";
				CLANG_ENABLE_MODULES = YES;
				CLANG_ENABLE_OBJC_ARC = YES;
				CLANG_WARN_BLOCK_CAPTURE_AUTORELEASING = YES;
				CLANG_WARN_BOOL_CONVERSION = YES;
				CLANG_WARN_COMMA = YES;
				CLANG_WARN_CONSTANT_CONVERSION = YES;
				CLANG_WARN_DEPRECATED_OBJC_IMPLEMENTATIONS = YES;
				CLANG_WARN_DIRECT_OBJC_ISA_USAGE = YES_ERROR;
				CLANG_WARN_DOCUMENTATION_COMMENTS = YES;
				CLANG_WARN_EMPTY_BODY = YES;
				CLANG_WARN_ENUM_CONVERSION = YES;
				CLANG_WARN_INFINITE_RECURSION = YES;
				CLANG_WARN_INT_CONVERSION = YES;
				CLANG_WARN_NON_LITERAL_NULL_CONVERSION = YES;
				CLANG_WARN_OBJC_IMPLICIT_RETAIN_SELF = YES;
				CLANG_WARN_OBJC_LITERAL_CONVERSION = YES;
				CLANG_WARN_OBJC_ROOT_CLASS = YES_ERROR;
				CLANG_WARN_RANGE_LOOP_ANALYSIS = YES;
				CLANG_WARN_STRICT_PROTOTYPES = YES;
				CLANG_WARN_SUSPICIOUS_MOVE = YES;
				CLANG_WARN_SUSPICIOUS_MOVES = YES;
				CLANG_WARN_UNREACHABLE_CODE = YES;
				CLANG_WARN__DUPLICATE_METHOD_MATCH = YES;
				"CODE_SIGN_IDENTITY[sdk=iphoneos*]" = "iPhone Developer";
				COPY_PHASE_STRIP = NO;
				DEBUG_INFORMATION_FORMAT = dwarf;
				ENABLE_STRICT_OBJC_MSGSEND = YES;
				ENABLE_TESTABILITY = YES;
				GCC_C_LANGUAGE_STANDARD = gnu99;
				GCC_DYNAMIC_NO_PIC = NO;
				GCC_NO_COMMON_BLOCKS = YES;
				GCC_OPTIMIZATION_LEVEL = 0;
				GCC_PREPROCESSOR_DEFINITIONS = (
					"DEBUG=1",
					"$(inherited)",
				);
				GCC_WARN_64_TO_32_BIT_CONVERSION = YES;
				GCC_WARN_ABOUT_RETURN_TYPE = YES_ERROR;
				GCC_WARN_UNDECLARED_SELECTOR = YES;
				GCC_WARN_UNINITIALIZED_AUTOS = YES_AGGRESSIVE;
				GCC_WARN_UNUSED_FUNCTION = YES;
				GCC_WARN_UNUSED_VARIABLE = YES;
				IPHONEOS_DEPLOYMENT_TARGET = 9.0;
				MTL_ENABLE_DEBUG_INFO = YES;
				ONLY_ACTIVE_ARCH = YES;
				SDKROOT = iphoneos;
			};
			name = Debug;
		};
		E60023AA1DC0B03400833CDB /* Release */ = {
			isa = XCBuildConfiguration;
			buildSettings = {
				ALWAYS_SEARCH_USER_PATHS = NO;
				CLANG_ANALYZER_NONNULL = YES;
				CLANG_CXX_LANGUAGE_STANDARD = "gnu++0x";
				CLANG_CXX_LIBRARY = "libc++";
				CLANG_ENABLE_MODULES = YES;
				CLANG_ENABLE_OBJC_ARC = YES;
				CLANG_WARN_BLOCK_CAPTURE_AUTORELEASING = YES;
				CLANG_WARN_BOOL_CONVERSION = YES;
				CLANG_WARN_COMMA = YES;
				CLANG_WARN_CONSTANT_CONVERSION = YES;
				CLANG_WARN_DEPRECATED_OBJC_IMPLEMENTATIONS = YES;
				CLANG_WARN_DIRECT_OBJC_ISA_USAGE = YES_ERROR;
				CLANG_WARN_DOCUMENTATION_COMMENTS = YES;
				CLANG_WARN_EMPTY_BODY = YES;
				CLANG_WARN_ENUM_CONVERSION = YES;
				CLANG_WARN_INFINITE_RECURSION = YES;
				CLANG_WARN_INT_CONVERSION = YES;
				CLANG_WARN_NON_LITERAL_NULL_CONVERSION = YES;
				CLANG_WARN_OBJC_IMPLICIT_RETAIN_SELF = YES;
				CLANG_WARN_OBJC_LITERAL_CONVERSION = YES;
				CLANG_WARN_OBJC_ROOT_CLASS = YES_ERROR;
				CLANG_WARN_RANGE_LOOP_ANALYSIS = YES;
				CLANG_WARN_STRICT_PROTOTYPES = YES;
				CLANG_WARN_SUSPICIOUS_MOVE = YES;
				CLANG_WARN_SUSPICIOUS_MOVES = YES;
				CLANG_WARN_UNREACHABLE_CODE = YES;
				CLANG_WARN__DUPLICATE_METHOD_MATCH = YES;
				"CODE_SIGN_IDENTITY[sdk=iphoneos*]" = "iPhone Developer";
				COPY_PHASE_STRIP = NO;
				DEBUG_INFORMATION_FORMAT = "dwarf-with-dsym";
				ENABLE_NS_ASSERTIONS = NO;
				ENABLE_STRICT_OBJC_MSGSEND = YES;
				GCC_C_LANGUAGE_STANDARD = gnu99;
				GCC_NO_COMMON_BLOCKS = YES;
				GCC_WARN_64_TO_32_BIT_CONVERSION = YES;
				GCC_WARN_ABOUT_RETURN_TYPE = YES_ERROR;
				GCC_WARN_UNDECLARED_SELECTOR = YES;
				GCC_WARN_UNINITIALIZED_AUTOS = YES_AGGRESSIVE;
				GCC_WARN_UNUSED_FUNCTION = YES;
				GCC_WARN_UNUSED_VARIABLE = YES;
				IPHONEOS_DEPLOYMENT_TARGET = 9.0;
				MTL_ENABLE_DEBUG_INFO = NO;
				SDKROOT = iphoneos;
				VALIDATE_PRODUCT = YES;
			};
			name = Release;
		};
		E60023AC1DC0B03400833CDB /* Debug */ = {
			isa = XCBuildConfiguration;
			baseConfigurationReference = E3705C508332EC8A0BEDADC8 /* Pods-SampleApp.debug.xcconfig */;
			buildSettings = {
				ASSETCATALOG_COMPILER_APPICON_NAME = AppIcon;
				CODE_SIGN_IDENTITY = "iPhone Developer";
				CODE_SIGN_STYLE = Manual;
				DEVELOPMENT_TEAM = K674QKEVPS;
				INFOPLIST_FILE = "$(SRCROOT)/SampleApp/Info.plist";
				IPHONEOS_DEPLOYMENT_TARGET = 9.0;
				LD_RUNPATH_SEARCH_PATHS = "$(inherited) @executable_path/Frameworks";
				PRODUCT_BUNDLE_IDENTIFIER = com.pubmatic.ob.app;
				PRODUCT_NAME = "$(TARGET_NAME)";
				PROVISIONING_PROFILE = "";
				PROVISIONING_PROFILE_SPECIFIER = "Development profile - wild card id";
			};
			name = Debug;
		};
		E60023AD1DC0B03400833CDB /* Release */ = {
			isa = XCBuildConfiguration;
			baseConfigurationReference = B7A2A26E1BEFE3254E4BC730 /* Pods-SampleApp.release.xcconfig */;
			buildSettings = {
				ASSETCATALOG_COMPILER_APPICON_NAME = AppIcon;
				CODE_SIGN_IDENTITY = "iPhone Developer";
				CODE_SIGN_STYLE = Manual;
				DEVELOPMENT_TEAM = K674QKEVPS;
				INFOPLIST_FILE = "$(SRCROOT)/SampleApp/Info.plist";
				IPHONEOS_DEPLOYMENT_TARGET = 9.0;
				LD_RUNPATH_SEARCH_PATHS = "$(inherited) @executable_path/Frameworks";
				PRODUCT_BUNDLE_IDENTIFIER = com.pubmatic.ob.app;
				PRODUCT_NAME = "$(TARGET_NAME)";
				PROVISIONING_PROFILE = "";
				PROVISIONING_PROFILE_SPECIFIER = "Development profile - wild card id";
			};
			name = Release;
		};
/* End XCBuildConfiguration section */

/* Begin XCConfigurationList section */
		E60023841DC0B03300833CDB /* Build configuration list for PBXProject "SampleApp" */ = {
			isa = XCConfigurationList;
			buildConfigurations = (
				E60023A91DC0B03400833CDB /* Debug */,
				E60023AA1DC0B03400833CDB /* Release */,
			);
			defaultConfigurationIsVisible = 0;
			defaultConfigurationName = Release;
		};
		E60023AB1DC0B03400833CDB /* Build configuration list for PBXNativeTarget "SampleApp" */ = {
			isa = XCConfigurationList;
			buildConfigurations = (
				E60023AC1DC0B03400833CDB /* Debug */,
				E60023AD1DC0B03400833CDB /* Release */,
			);
			defaultConfigurationIsVisible = 0;
			defaultConfigurationName = Release;
		};
/* End XCConfigurationList section */
	};
	rootObject = E60023811DC0B03300833CDB /* Project object */;
}
